// !$*UTF8*$!
{
	archiveVersion = 1;
	classes = {
	};
	objectVersion = 46;
	objects = {

/* Begin PBXAggregateTarget section */
		11E4FB60148E1A26007437C8 /* Universal_Framework */ = {
			isa = PBXAggregateTarget;
			buildConfigurationList = 11E4FB6B148E1A26007437C8 /* Build configuration list for PBXAggregateTarget "Universal_Framework" */;
			buildPhases = (
				11E4FB5F148E1A26007437C8 /* ShellScript */,
			);
			dependencies = (
				11E4FB70148E1A71007437C8 /* PBXTargetDependency */,
			);
			name = Universal_Framework;
			productName = Universal_Framework;
		};
/* End PBXAggregateTarget section */

/* Begin PBXBuildFile section */
		112C8B50148D19AF001FBABD /* Ad4MaxBannerView.m in Sources */ = {isa = PBXBuildFile; fileRef = 112C8B4C148D19AF001FBABD /* Ad4MaxBannerView.m */; };
		112C8B51148D19AF001FBABD /* Ad4MaxParamsService.m in Sources */ = {isa = PBXBuildFile; fileRef = 112C8B4F148D19AF001FBABD /* Ad4MaxParamsService.m */; };
		112C8B54148D1A77001FBABD /* SystemConfiguration.framework in Frameworks */ = {isa = PBXBuildFile; fileRef = E4C6F7E8147FB52000936DA4 /* SystemConfiguration.framework */; };
		112C8B55148D1A77001FBABD /* CoreTelephony.framework in Frameworks */ = {isa = PBXBuildFile; fileRef = E4C6F7E3147FB1B400936DA4 /* CoreTelephony.framework */; };
		112C8B57148D1A7F001FBABD /* GHUnitIOS.framework in Frameworks */ = {isa = PBXBuildFile; fileRef = 112C8B56148D1A7F001FBABD /* GHUnitIOS.framework */; };
		112C8B58148D1AB2001FBABD /* Ad4MaxParamsService.m in Sources */ = {isa = PBXBuildFile; fileRef = 112C8B4F148D19AF001FBABD /* Ad4MaxParamsService.m */; };
		112C8B59148D1AB6001FBABD /* Ad4MaxBannerView.m in Sources */ = {isa = PBXBuildFile; fileRef = 112C8B4C148D19AF001FBABD /* Ad4MaxBannerView.m */; };
		11631B71148D198A00DC4DB4 /* ad4Max-SampleApp-Info.plist in Resources */ = {isa = PBXBuildFile; fileRef = 11631B5B148D198A00DC4DB4 /* ad4Max-SampleApp-Info.plist */; };
		11631B72148D198A00DC4DB4 /* ad4Max_SampleAppAppDelegate.m in Sources */ = {isa = PBXBuildFile; fileRef = 11631B5D148D198A00DC4DB4 /* ad4Max_SampleAppAppDelegate.m */; };
		11631B73148D198A00DC4DB4 /* Entitlements.plist in Resources */ = {isa = PBXBuildFile; fileRef = 11631B5E148D198A00DC4DB4 /* Entitlements.plist */; };
		11631B74148D198A00DC4DB4 /* main.m in Sources */ = {isa = PBXBuildFile; fileRef = 11631B5F148D198A00DC4DB4 /* main.m */; };
		11631B75148D198A00DC4DB4 /* ad4Max_SampleAppViewController.m in Sources */ = {isa = PBXBuildFile; fileRef = 11631B62148D198A00DC4DB4 /* ad4Max_SampleAppViewController.m */; };
		11631B79148D198A00DC4DB4 /* ad4Max_SampleAppViewController.xib in Resources */ = {isa = PBXBuildFile; fileRef = 11631B6B148D198A00DC4DB4 /* ad4Max_SampleAppViewController.xib */; };
		11631B7A148D198A00DC4DB4 /* InfoPlist.strings in Resources */ = {isa = PBXBuildFile; fileRef = 11631B6D148D198A00DC4DB4 /* InfoPlist.strings */; };
		11631B7B148D198A00DC4DB4 /* MainWindow.xib in Resources */ = {isa = PBXBuildFile; fileRef = 11631B6F148D198A00DC4DB4 /* MainWindow.xib */; };
		11E38254148E1D4200D2499C /* Ad4Max.h in Headers */ = {isa = PBXBuildFile; fileRef = 11E38253148E1D4200D2499C /* Ad4Max.h */; settings = {ATTRIBUTES = (Public, ); }; };
		11E382A8148E4A6100D2499C /* Ad4MaxInternals.h in Headers */ = {isa = PBXBuildFile; fileRef = 11E382A7148E4A6100D2499C /* Ad4MaxInternals.h */; };
		11E3839C1490C6A800D2499C /* Ad4MaxUtilities.m in Sources */ = {isa = PBXBuildFile; fileRef = 11E3839B1490C6A800D2499C /* Ad4MaxUtilities.m */; };
		11E3839E1490CFCF00D2499C /* Ad4MaxUtilities.m in Sources */ = {isa = PBXBuildFile; fileRef = 11E3839B1490C6A800D2499C /* Ad4MaxUtilities.m */; };
		11E3839F1490CFDB00D2499C /* Ad4MaxUtilities.h in Headers */ = {isa = PBXBuildFile; fileRef = 11E3839A1490C6A800D2499C /* Ad4MaxUtilities.h */; };
		11E383A81490D38B00D2499C /* Ad4MaxReachability.h in Headers */ = {isa = PBXBuildFile; fileRef = 11E383A61490D38B00D2499C /* Ad4MaxReachability.h */; };
		11E383A91490D38B00D2499C /* Ad4MaxReachability.m in Sources */ = {isa = PBXBuildFile; fileRef = 11E383A71490D38B00D2499C /* Ad4MaxReachability.m */; };
		11E383AA1490D38B00D2499C /* Ad4MaxReachability.m in Sources */ = {isa = PBXBuildFile; fileRef = 11E383A71490D38B00D2499C /* Ad4MaxReachability.m */; };
		11E383AB1490D38B00D2499C /* Ad4MaxReachability.m in Sources */ = {isa = PBXBuildFile; fileRef = 11E383A71490D38B00D2499C /* Ad4MaxReachability.m */; };
		11E383B91490DE9F00D2499C /* Ad4MaxUtilities.m in Sources */ = {isa = PBXBuildFile; fileRef = 11E3839B1490C6A800D2499C /* Ad4MaxUtilities.m */; };
		11E4FB71148E1A8A007437C8 /* Ad4MaxBannerView.m in Sources */ = {isa = PBXBuildFile; fileRef = 112C8B4C148D19AF001FBABD /* Ad4MaxBannerView.m */; };
		11E4FB72148E1A8A007437C8 /* Ad4MaxParamsService.m in Sources */ = {isa = PBXBuildFile; fileRef = 112C8B4F148D19AF001FBABD /* Ad4MaxParamsService.m */; };
		11E4FB76148E1ABE007437C8 /* Ad4MaxBannerView.h in Headers */ = {isa = PBXBuildFile; fileRef = 112C8B4B148D19AF001FBABD /* Ad4MaxBannerView.h */; settings = {ATTRIBUTES = (Public, ); }; };
		11E4FB77148E1ABE007437C8 /* Ad4MaxBannerViewDelegate.h in Headers */ = {isa = PBXBuildFile; fileRef = 112C8B4D148D19AF001FBABD /* Ad4MaxBannerViewDelegate.h */; settings = {ATTRIBUTES = (Public, ); }; };
		11E4FB78148E1ACF007437C8 /* Ad4MaxParamsService.h in Headers */ = {isa = PBXBuildFile; fileRef = 112C8B4E148D19AF001FBABD /* Ad4MaxParamsService.h */; };
		E4351E9D1491F7BD005BDD93 /* CoreLocation.framework in Frameworks */ = {isa = PBXBuildFile; fileRef = E4351E9C1491F7BD005BDD93 /* CoreLocation.framework */; };
		E44FECD61488EDA900C268E7 /* UIKit.framework in Frameworks */ = {isa = PBXBuildFile; fileRef = E4D6E999147527F2005BB3AE /* UIKit.framework */; };
		E44FECD71488EDA900C268E7 /* Foundation.framework in Frameworks */ = {isa = PBXBuildFile; fileRef = E4D6E99B147527F2005BB3AE /* Foundation.framework */; };
		E44FECD81488EDA900C268E7 /* CoreGraphics.framework in Frameworks */ = {isa = PBXBuildFile; fileRef = E4D6E99D147527F2005BB3AE /* CoreGraphics.framework */; };
		E44FECDE1488EDA900C268E7 /* InfoPlist.strings in Resources */ = {isa = PBXBuildFile; fileRef = E44FECDC1488EDA900C268E7 /* InfoPlist.strings */; };
		E44FECE11488EDA900C268E7 /* main.m in Sources */ = {isa = PBXBuildFile; fileRef = E44FECE01488EDA900C268E7 /* main.m */; };
		E4A4D2F5149A1872004F2F9F /* Ad4MaxBannerViewTests.m in Sources */ = {isa = PBXBuildFile; fileRef = E4A4D2F4149A1872004F2F9F /* Ad4MaxBannerViewTests.m */; };
		E4C6F7E4147FB1B500936DA4 /* CoreTelephony.framework in Frameworks */ = {isa = PBXBuildFile; fileRef = E4C6F7E3147FB1B400936DA4 /* CoreTelephony.framework */; settings = {ATTRIBUTES = (Weak, ); }; };
		E4C6F7E9147FB52000936DA4 /* SystemConfiguration.framework in Frameworks */ = {isa = PBXBuildFile; fileRef = E4C6F7E8147FB52000936DA4 /* SystemConfiguration.framework */; };
		E4D60D05149B5C05006ED726 /* Icon.png in Resources */ = {isa = PBXBuildFile; fileRef = E4D60D03149B5C05006ED726 /* Icon.png */; };
		E4D60D06149B5C05006ED726 /* Icon@2x.png in Resources */ = {isa = PBXBuildFile; fileRef = E4D60D04149B5C05006ED726 /* Icon@2x.png */; };
		E4D6E99A147527F2005BB3AE /* UIKit.framework in Frameworks */ = {isa = PBXBuildFile; fileRef = E4D6E999147527F2005BB3AE /* UIKit.framework */; };
		E4D6E99C147527F2005BB3AE /* Foundation.framework in Frameworks */ = {isa = PBXBuildFile; fileRef = E4D6E99B147527F2005BB3AE /* Foundation.framework */; };
		E4D6E99E147527F2005BB3AE /* CoreGraphics.framework in Frameworks */ = {isa = PBXBuildFile; fileRef = E4D6E99D147527F2005BB3AE /* CoreGraphics.framework */; };
		E4E798641488EFC300A39E65 /* Ad4MaxParamsServiceTests.m in Sources */ = {isa = PBXBuildFile; fileRef = E4E798631488EFC300A39E65 /* Ad4MaxParamsServiceTests.m */; };
/* End PBXBuildFile section */

/* Begin PBXContainerItemProxy section */
		11E4FB6F148E1A71007437C8 /* PBXContainerItemProxy */ = {
			isa = PBXContainerItemProxy;
			containerPortal = E4D6E98C147527F2005BB3AE /* Project object */;
			proxyType = 1;
			remoteGlobalIDString = 11E4FB5D148E1A26007437C8;
			remoteInfo = ad4Max;
		};
/* End PBXContainerItemProxy section */

/* Begin PBXFileReference section */
		112C8B4B148D19AF001FBABD /* Ad4MaxBannerView.h */ = {isa = PBXFileReference; fileEncoding = 4; lastKnownFileType = sourcecode.c.h; path = Ad4MaxBannerView.h; sourceTree = "<group>"; };
		112C8B4C148D19AF001FBABD /* Ad4MaxBannerView.m */ = {isa = PBXFileReference; fileEncoding = 4; lastKnownFileType = sourcecode.c.objc; path = Ad4MaxBannerView.m; sourceTree = "<group>"; };
		112C8B4D148D19AF001FBABD /* Ad4MaxBannerViewDelegate.h */ = {isa = PBXFileReference; fileEncoding = 4; lastKnownFileType = sourcecode.c.h; path = Ad4MaxBannerViewDelegate.h; sourceTree = "<group>"; };
		112C8B4E148D19AF001FBABD /* Ad4MaxParamsService.h */ = {isa = PBXFileReference; fileEncoding = 4; lastKnownFileType = sourcecode.c.h; path = Ad4MaxParamsService.h; sourceTree = "<group>"; };
		112C8B4F148D19AF001FBABD /* Ad4MaxParamsService.m */ = {isa = PBXFileReference; fileEncoding = 4; lastKnownFileType = sourcecode.c.objc; path = Ad4MaxParamsService.m; sourceTree = "<group>"; };
		112C8B53148D1A35001FBABD /* ad4Max-SampleApp-Prefix.pch */ = {isa = PBXFileReference; fileEncoding = 4; lastKnownFileType = sourcecode.c.h; name = "ad4Max-SampleApp-Prefix.pch"; path = "AppDelegate/ad4Max-SampleApp-Prefix.pch"; sourceTree = "<group>"; };
		112C8B56148D1A7F001FBABD /* GHUnitIOS.framework */ = {isa = PBXFileReference; lastKnownFileType = wrapper.framework; name = GHUnitIOS.framework; path = "ad4Max-Tests/GHUnitIOS.framework"; sourceTree = "<group>"; };
		11631B5B148D198A00DC4DB4 /* ad4Max-SampleApp-Info.plist */ = {isa = PBXFileReference; fileEncoding = 4; lastKnownFileType = text.plist.xml; name = "ad4Max-SampleApp-Info.plist"; path = "AppDelegate/ad4Max-SampleApp-Info.plist"; sourceTree = "<group>"; };
		11631B5C148D198A00DC4DB4 /* ad4Max_SampleAppAppDelegate.h */ = {isa = PBXFileReference; fileEncoding = 4; lastKnownFileType = sourcecode.c.h; path = ad4Max_SampleAppAppDelegate.h; sourceTree = "<group>"; };
		11631B5D148D198A00DC4DB4 /* ad4Max_SampleAppAppDelegate.m */ = {isa = PBXFileReference; fileEncoding = 4; lastKnownFileType = sourcecode.c.objc; path = ad4Max_SampleAppAppDelegate.m; sourceTree = "<group>"; };
		11631B5E148D198A00DC4DB4 /* Entitlements.plist */ = {isa = PBXFileReference; fileEncoding = 4; lastKnownFileType = text.plist.xml; name = Entitlements.plist; path = AppDelegate/Entitlements.plist; sourceTree = "<group>"; };
		11631B5F148D198A00DC4DB4 /* main.m */ = {isa = PBXFileReference; fileEncoding = 4; lastKnownFileType = sourcecode.c.objc; name = main.m; path = AppDelegate/main.m; sourceTree = "<group>"; };
		11631B61148D198A00DC4DB4 /* ad4Max_SampleAppViewController.h */ = {isa = PBXFileReference; fileEncoding = 4; lastKnownFileType = sourcecode.c.h; path = ad4Max_SampleAppViewController.h; sourceTree = "<group>"; };
		11631B62148D198A00DC4DB4 /* ad4Max_SampleAppViewController.m */ = {isa = PBXFileReference; fileEncoding = 4; lastKnownFileType = sourcecode.c.objc; path = ad4Max_SampleAppViewController.m; sourceTree = "<group>"; };
		11631B6C148D198A00DC4DB4 /* en */ = {isa = PBXFileReference; lastKnownFileType = file.xib; name = en; path = en.lproj/ad4Max_SampleAppViewController.xib; sourceTree = "<group>"; };
		11631B6E148D198A00DC4DB4 /* en */ = {isa = PBXFileReference; lastKnownFileType = text.plist.strings; name = en; path = en.lproj/InfoPlist.strings; sourceTree = "<group>"; };
		11631B70148D198A00DC4DB4 /* en */ = {isa = PBXFileReference; lastKnownFileType = file.xib; name = en; path = en.lproj/MainWindow.xib; sourceTree = "<group>"; };
		11E38253148E1D4200D2499C /* Ad4Max.h */ = {isa = PBXFileReference; fileEncoding = 4; lastKnownFileType = sourcecode.c.h; path = Ad4Max.h; sourceTree = "<group>"; };
		11E382A7148E4A6100D2499C /* Ad4MaxInternals.h */ = {isa = PBXFileReference; fileEncoding = 4; lastKnownFileType = sourcecode.c.h; path = Ad4MaxInternals.h; sourceTree = "<group>"; };
		11E3839A1490C6A800D2499C /* Ad4MaxUtilities.h */ = {isa = PBXFileReference; fileEncoding = 4; lastKnownFileType = sourcecode.c.h; path = Ad4MaxUtilities.h; sourceTree = "<group>"; };
		11E3839B1490C6A800D2499C /* Ad4MaxUtilities.m */ = {isa = PBXFileReference; fileEncoding = 4; lastKnownFileType = sourcecode.c.objc; path = Ad4MaxUtilities.m; sourceTree = "<group>"; };
		11E383A61490D38B00D2499C /* Ad4MaxReachability.h */ = {isa = PBXFileReference; fileEncoding = 4; lastKnownFileType = sourcecode.c.h; path = Ad4MaxReachability.h; sourceTree = "<group>"; };
		11E383A71490D38B00D2499C /* Ad4MaxReachability.m */ = {isa = PBXFileReference; fileEncoding = 4; lastKnownFileType = sourcecode.c.objc; path = Ad4MaxReachability.m; sourceTree = "<group>"; };
		11E4FB5E148E1A26007437C8 /* Ad4Max.framework */ = {isa = PBXFileReference; explicitFileType = wrapper.cfbundle; includeInIndex = 0; path = Ad4Max.framework; sourceTree = BUILT_PRODUCTS_DIR; };
		E4351E9C1491F7BD005BDD93 /* CoreLocation.framework */ = {isa = PBXFileReference; lastKnownFileType = wrapper.framework; name = CoreLocation.framework; path = System/Library/Frameworks/CoreLocation.framework; sourceTree = SDKROOT; };
		E44FECD41488EDA900C268E7 /* ad4Max-Tests.app */ = {isa = PBXFileReference; explicitFileType = wrapper.application; includeInIndex = 0; path = "ad4Max-Tests.app"; sourceTree = BUILT_PRODUCTS_DIR; };
		E44FECDB1488EDA900C268E7 /* ad4Max-Tests-Info.plist */ = {isa = PBXFileReference; lastKnownFileType = text.plist.xml; path = "ad4Max-Tests-Info.plist"; sourceTree = "<group>"; };
		E44FECDD1488EDA900C268E7 /* en */ = {isa = PBXFileReference; lastKnownFileType = text.plist.strings; name = en; path = en.lproj/InfoPlist.strings; sourceTree = "<group>"; };
		E44FECDF1488EDA900C268E7 /* ad4Max-Tests-Prefix.pch */ = {isa = PBXFileReference; lastKnownFileType = sourcecode.c.h; path = "ad4Max-Tests-Prefix.pch"; sourceTree = "<group>"; };
		E44FECE01488EDA900C268E7 /* main.m */ = {isa = PBXFileReference; lastKnownFileType = sourcecode.c.objc; path = main.m; sourceTree = "<group>"; };
		E4A4D2F4149A1872004F2F9F /* Ad4MaxBannerViewTests.m */ = {isa = PBXFileReference; fileEncoding = 4; lastKnownFileType = sourcecode.c.objc; path = Ad4MaxBannerViewTests.m; sourceTree = "<group>"; };
		E4C6F7E3147FB1B400936DA4 /* CoreTelephony.framework */ = {isa = PBXFileReference; lastKnownFileType = wrapper.framework; name = CoreTelephony.framework; path = System/Library/Frameworks/CoreTelephony.framework; sourceTree = SDKROOT; };
		E4C6F7E8147FB52000936DA4 /* SystemConfiguration.framework */ = {isa = PBXFileReference; lastKnownFileType = wrapper.framework; name = SystemConfiguration.framework; path = System/Library/Frameworks/SystemConfiguration.framework; sourceTree = SDKROOT; };
		E4D60D03149B5C05006ED726 /* Icon.png */ = {isa = PBXFileReference; lastKnownFileType = image.png; name = Icon.png; path = Resources/Icon.png; sourceTree = "<group>"; };
		E4D60D04149B5C05006ED726 /* Icon@2x.png */ = {isa = PBXFileReference; lastKnownFileType = image.png; name = "Icon@2x.png"; path = "Resources/Icon@2x.png"; sourceTree = "<group>"; };
		E4D6E995147527F2005BB3AE /* ad4Max-SampleApp.app */ = {isa = PBXFileReference; explicitFileType = wrapper.application; includeInIndex = 0; path = "ad4Max-SampleApp.app"; sourceTree = BUILT_PRODUCTS_DIR; };
		E4D6E999147527F2005BB3AE /* UIKit.framework */ = {isa = PBXFileReference; lastKnownFileType = wrapper.framework; name = UIKit.framework; path = System/Library/Frameworks/UIKit.framework; sourceTree = SDKROOT; };
		E4D6E99B147527F2005BB3AE /* Foundation.framework */ = {isa = PBXFileReference; lastKnownFileType = wrapper.framework; name = Foundation.framework; path = System/Library/Frameworks/Foundation.framework; sourceTree = SDKROOT; };
		E4D6E99D147527F2005BB3AE /* CoreGraphics.framework */ = {isa = PBXFileReference; lastKnownFileType = wrapper.framework; name = CoreGraphics.framework; path = System/Library/Frameworks/CoreGraphics.framework; sourceTree = SDKROOT; };
		E4E798631488EFC300A39E65 /* Ad4MaxParamsServiceTests.m */ = {isa = PBXFileReference; fileEncoding = 4; lastKnownFileType = sourcecode.c.objc; path = Ad4MaxParamsServiceTests.m; sourceTree = "<group>"; };
/* End PBXFileReference section */

/* Begin PBXFrameworksBuildPhase section */
		11E4FB59148E1A26007437C8 /* Frameworks */ = {
			isa = PBXFrameworksBuildPhase;
			buildActionMask = 2147483647;
			files = (
			);
			runOnlyForDeploymentPostprocessing = 0;
		};
		E44FECD11488EDA900C268E7 /* Frameworks */ = {
			isa = PBXFrameworksBuildPhase;
			buildActionMask = 2147483647;
			files = (
				112C8B57148D1A7F001FBABD /* GHUnitIOS.framework in Frameworks */,
				E44FECD61488EDA900C268E7 /* UIKit.framework in Frameworks */,
				E44FECD71488EDA900C268E7 /* Foundation.framework in Frameworks */,
				112C8B54148D1A77001FBABD /* SystemConfiguration.framework in Frameworks */,
				112C8B55148D1A77001FBABD /* CoreTelephony.framework in Frameworks */,
				E44FECD81488EDA900C268E7 /* CoreGraphics.framework in Frameworks */,
			);
			runOnlyForDeploymentPostprocessing = 0;
		};
		E4D6E992147527F2005BB3AE /* Frameworks */ = {
			isa = PBXFrameworksBuildPhase;
			buildActionMask = 2147483647;
			files = (
				E4351E9D1491F7BD005BDD93 /* CoreLocation.framework in Frameworks */,
				E4C6F7E9147FB52000936DA4 /* SystemConfiguration.framework in Frameworks */,
				E4C6F7E4147FB1B500936DA4 /* CoreTelephony.framework in Frameworks */,
				E4D6E99A147527F2005BB3AE /* UIKit.framework in Frameworks */,
				E4D6E99C147527F2005BB3AE /* Foundation.framework in Frameworks */,
				E4D6E99E147527F2005BB3AE /* CoreGraphics.framework in Frameworks */,
			);
			runOnlyForDeploymentPostprocessing = 0;
		};
/* End PBXFrameworksBuildPhase section */

/* Begin PBXGroup section */
		112C8B49148D19AF001FBABD /* ad4Max */ = {
			isa = PBXGroup;
			children = (
				112C8B4B148D19AF001FBABD /* Ad4MaxBannerView.h */,
				112C8B4C148D19AF001FBABD /* Ad4MaxBannerView.m */,
				112C8B4D148D19AF001FBABD /* Ad4MaxBannerViewDelegate.h */,
				112C8B4E148D19AF001FBABD /* Ad4MaxParamsService.h */,
				112C8B4F148D19AF001FBABD /* Ad4MaxParamsService.m */,
				11E38253148E1D4200D2499C /* Ad4Max.h */,
				11E382A7148E4A6100D2499C /* Ad4MaxInternals.h */,
				11E3839A1490C6A800D2499C /* Ad4MaxUtilities.h */,
				11E3839B1490C6A800D2499C /* Ad4MaxUtilities.m */,
				11E383A61490D38B00D2499C /* Ad4MaxReachability.h */,
				11E383A71490D38B00D2499C /* Ad4MaxReachability.m */,
			);
			path = ad4Max;
			sourceTree = "<group>";
		};
		11631B5A148D198A00DC4DB4 /* AppDelegate */ = {
			isa = PBXGroup;
			children = (
				11631B5C148D198A00DC4DB4 /* ad4Max_SampleAppAppDelegate.h */,
				11631B5D148D198A00DC4DB4 /* ad4Max_SampleAppAppDelegate.m */,
			);
			path = AppDelegate;
			sourceTree = "<group>";
		};
		11631B60148D198A00DC4DB4 /* Controllers */ = {
			isa = PBXGroup;
			children = (
				11631B61148D198A00DC4DB4 /* ad4Max_SampleAppViewController.h */,
				11631B62148D198A00DC4DB4 /* ad4Max_SampleAppViewController.m */,
			);
			path = Controllers;
			sourceTree = "<group>";
		};
		11631B6A148D198A00DC4DB4 /* Views */ = {
			isa = PBXGroup;
			children = (
				11631B6B148D198A00DC4DB4 /* ad4Max_SampleAppViewController.xib */,
				11631B6D148D198A00DC4DB4 /* InfoPlist.strings */,
				11631B6F148D198A00DC4DB4 /* MainWindow.xib */,
			);
			path = Views;
			sourceTree = "<group>";
		};
		E44FECD91488EDA900C268E7 /* ad4Max-Tests */ = {
			isa = PBXGroup;
			children = (
				E44FECDA1488EDA900C268E7 /* Supporting Files */,
				E4E798631488EFC300A39E65 /* Ad4MaxParamsServiceTests.m */,
				E4A4D2F4149A1872004F2F9F /* Ad4MaxBannerViewTests.m */,
			);
			path = "ad4Max-Tests";
			sourceTree = "<group>";
		};
		E44FECDA1488EDA900C268E7 /* Supporting Files */ = {
			isa = PBXGroup;
			children = (
				E44FECDB1488EDA900C268E7 /* ad4Max-Tests-Info.plist */,
				E44FECDC1488EDA900C268E7 /* InfoPlist.strings */,
				E44FECDF1488EDA900C268E7 /* ad4Max-Tests-Prefix.pch */,
				E44FECE01488EDA900C268E7 /* main.m */,
			);
			name = "Supporting Files";
			sourceTree = "<group>";
		};
		E4D60D01149B5BEE006ED726 /* Resources */ = {
			isa = PBXGroup;
			children = (
				E4D60D03149B5C05006ED726 /* Icon.png */,
				E4D60D04149B5C05006ED726 /* Icon@2x.png */,
			);
			name = Resources;
			sourceTree = "<group>";
		};
		E4D6E98A147527F2005BB3AE = {
			isa = PBXGroup;
			children = (
				112C8B49148D19AF001FBABD /* ad4Max */,
				E4D6E99F147527F2005BB3AE /* ad4Max-SampleApp */,
				E44FECD91488EDA900C268E7 /* ad4Max-Tests */,
				E4D6E998147527F2005BB3AE /* Frameworks */,
				E4D6E996147527F2005BB3AE /* Products */,
			);
			sourceTree = "<group>";
		};
		E4D6E996147527F2005BB3AE /* Products */ = {
			isa = PBXGroup;
			children = (
				E4D6E995147527F2005BB3AE /* ad4Max-SampleApp.app */,
				E44FECD41488EDA900C268E7 /* ad4Max-Tests.app */,
				11E4FB5E148E1A26007437C8 /* Ad4Max.framework */,
			);
			name = Products;
			sourceTree = "<group>";
		};
		E4D6E998147527F2005BB3AE /* Frameworks */ = {
			isa = PBXGroup;
			children = (
				112C8B56148D1A7F001FBABD /* GHUnitIOS.framework */,
				E4351E9C1491F7BD005BDD93 /* CoreLocation.framework */,
				E4C6F7E8147FB52000936DA4 /* SystemConfiguration.framework */,
				E4C6F7E3147FB1B400936DA4 /* CoreTelephony.framework */,
				E4D6E999147527F2005BB3AE /* UIKit.framework */,
				E4D6E99B147527F2005BB3AE /* Foundation.framework */,
				E4D6E99D147527F2005BB3AE /* CoreGraphics.framework */,
			);
			name = Frameworks;
			sourceTree = "<group>";
		};
		E4D6E99F147527F2005BB3AE /* ad4Max-SampleApp */ = {
			isa = PBXGroup;
			children = (
				E4D6E9CD147567B9005BB3AE /* Classes */,
				E4D60D01149B5BEE006ED726 /* Resources */,
				E4D6E9A0147527F2005BB3AE /* Supporting Files */,
			);
			path = "ad4Max-SampleApp";
			sourceTree = "<group>";
		};
		E4D6E9A0147527F2005BB3AE /* Supporting Files */ = {
			isa = PBXGroup;
			children = (
				112C8B53148D1A35001FBABD /* ad4Max-SampleApp-Prefix.pch */,
				11631B5B148D198A00DC4DB4 /* ad4Max-SampleApp-Info.plist */,
				11631B5E148D198A00DC4DB4 /* Entitlements.plist */,
				11631B5F148D198A00DC4DB4 /* main.m */,
			);
			name = "Supporting Files";
			sourceTree = "<group>";
		};
		E4D6E9CD147567B9005BB3AE /* Classes */ = {
			isa = PBXGroup;
			children = (
				11631B5A148D198A00DC4DB4 /* AppDelegate */,
				11631B60148D198A00DC4DB4 /* Controllers */,
				11631B6A148D198A00DC4DB4 /* Views */,
			);
			name = Classes;
			sourceTree = "<group>";
		};
/* End PBXGroup section */

/* Begin PBXHeadersBuildPhase section */
		11E4FB5A148E1A26007437C8 /* Headers */ = {
			isa = PBXHeadersBuildPhase;
			buildActionMask = 2147483647;
			files = (
				11E4FB76148E1ABE007437C8 /* Ad4MaxBannerView.h in Headers */,
				11E4FB77148E1ABE007437C8 /* Ad4MaxBannerViewDelegate.h in Headers */,
				11E38254148E1D4200D2499C /* Ad4Max.h in Headers */,
				11E3839F1490CFDB00D2499C /* Ad4MaxUtilities.h in Headers */,
				11E4FB78148E1ACF007437C8 /* Ad4MaxParamsService.h in Headers */,
				11E382A8148E4A6100D2499C /* Ad4MaxInternals.h in Headers */,
				11E383A81490D38B00D2499C /* Ad4MaxReachability.h in Headers */,
			);
			runOnlyForDeploymentPostprocessing = 0;
		};
/* End PBXHeadersBuildPhase section */

/* Begin PBXNativeTarget section */
		11E4FB5D148E1A26007437C8 /* Ad4Max */ = {
			isa = PBXNativeTarget;
			buildConfigurationList = 11E4FB6A148E1A26007437C8 /* Build configuration list for PBXNativeTarget "Ad4Max" */;
			buildPhases = (
				11E4FB58148E1A26007437C8 /* Sources */,
				11E4FB59148E1A26007437C8 /* Frameworks */,
				11E4FB5A148E1A26007437C8 /* Headers */,
				11E4FB5B148E1A26007437C8 /* Resources */,
				11E4FB5C148E1A26007437C8 /* ShellScript */,
			);
			buildRules = (
			);
			dependencies = (
			);
			name = Ad4Max;
			productName = ad4Max;
			productReference = 11E4FB5E148E1A26007437C8 /* Ad4Max.framework */;
			productType = "com.apple.product-type.bundle";
		};
		E44FECD31488EDA900C268E7 /* ad4Max-Tests */ = {
			isa = PBXNativeTarget;
			buildConfigurationList = E44FECF61488EDA900C268E7 /* Build configuration list for PBXNativeTarget "ad4Max-Tests" */;
			buildPhases = (
				E44FECD01488EDA900C268E7 /* Sources */,
				E44FECD11488EDA900C268E7 /* Frameworks */,
				E44FECD21488EDA900C268E7 /* Resources */,
				E4E798661488F51000A39E65 /* ShellScript */,
			);
			buildRules = (
			);
			dependencies = (
			);
			name = "ad4Max-Tests";
			productName = "ad4Max-Tests";
			productReference = E44FECD41488EDA900C268E7 /* ad4Max-Tests.app */;
			productType = "com.apple.product-type.application";
		};
		E4D6E994147527F2005BB3AE /* ad4Max-SampleApp */ = {
			isa = PBXNativeTarget;
			buildConfigurationList = E4D6E9B6147527F2005BB3AE /* Build configuration list for PBXNativeTarget "ad4Max-SampleApp" */;
			buildPhases = (
				E4D6E991147527F2005BB3AE /* Sources */,
				E4D6E992147527F2005BB3AE /* Frameworks */,
				E4D6E993147527F2005BB3AE /* Resources */,
			);
			buildRules = (
			);
			dependencies = (
			);
			name = "ad4Max-SampleApp";
			productName = "ad4MaxMobile-SampleApp";
			productReference = E4D6E995147527F2005BB3AE /* ad4Max-SampleApp.app */;
			productType = "com.apple.product-type.application";
		};
/* End PBXNativeTarget section */

/* Begin PBXProject section */
		E4D6E98C147527F2005BB3AE /* Project object */ = {
			isa = PBXProject;
			buildConfigurationList = E4D6E98F147527F2005BB3AE /* Build configuration list for PBXProject "ad4Max-SampleApp" */;
			compatibilityVersion = "Xcode 3.2";
			developmentRegion = English;
			hasScannedForEncodings = 0;
			knownRegions = (
				en,
			);
			mainGroup = E4D6E98A147527F2005BB3AE;
			productRefGroup = E4D6E996147527F2005BB3AE /* Products */;
			projectDirPath = "";
			projectRoot = "";
			targets = (
				E4D6E994147527F2005BB3AE /* ad4Max-SampleApp */,
				E44FECD31488EDA900C268E7 /* ad4Max-Tests */,
				11E4FB5D148E1A26007437C8 /* Ad4Max */,
				11E4FB60148E1A26007437C8 /* Universal_Framework */,
			);
		};
/* End PBXProject section */

/* Begin PBXResourcesBuildPhase section */
		11E4FB5B148E1A26007437C8 /* Resources */ = {
			isa = PBXResourcesBuildPhase;
			buildActionMask = 2147483647;
			files = (
			);
			runOnlyForDeploymentPostprocessing = 0;
		};
		E44FECD21488EDA900C268E7 /* Resources */ = {
			isa = PBXResourcesBuildPhase;
			buildActionMask = 2147483647;
			files = (
				E44FECDE1488EDA900C268E7 /* InfoPlist.strings in Resources */,
			);
			runOnlyForDeploymentPostprocessing = 0;
		};
		E4D6E993147527F2005BB3AE /* Resources */ = {
			isa = PBXResourcesBuildPhase;
			buildActionMask = 2147483647;
			files = (
				11631B71148D198A00DC4DB4 /* ad4Max-SampleApp-Info.plist in Resources */,
				11631B73148D198A00DC4DB4 /* Entitlements.plist in Resources */,
				11631B79148D198A00DC4DB4 /* ad4Max_SampleAppViewController.xib in Resources */,
				11631B7A148D198A00DC4DB4 /* InfoPlist.strings in Resources */,
				11631B7B148D198A00DC4DB4 /* MainWindow.xib in Resources */,
				E4D60D05149B5C05006ED726 /* Icon.png in Resources */,
				E4D60D06149B5C05006ED726 /* Icon@2x.png in Resources */,
			);
			runOnlyForDeploymentPostprocessing = 0;
		};
/* End PBXResourcesBuildPhase section */

/* Begin PBXShellScriptBuildPhase section */
		11E4FB5C148E1A26007437C8 /* ShellScript */ = {
			isa = PBXShellScriptBuildPhase;
			buildActionMask = 2147483647;
			files = (
			);
			inputPaths = (
			);
			outputPaths = (
			);
			runOnlyForDeploymentPostprocessing = 0;
			shellPath = /bin/sh;
			shellScript = "\nrm -f \"${CONFIGURATION_BUILD_DIR}/FakeFramework\"\nif [ -f \"${CONFIGURATION_BUILD_DIR}/${EXECUTABLE_PATH}\" ]; then\n\tcp \"${CONFIGURATION_BUILD_DIR}/${EXECUTABLE_PATH}\" \"${CONFIGURATION_BUILD_DIR}/FakeFramework\"\nfi\n\t\t\t\t\t";
		};
		11E4FB5F148E1A26007437C8 /* ShellScript */ = {
			isa = PBXShellScriptBuildPhase;
			buildActionMask = 2147483647;
			files = (
			);
			inputPaths = (
			);
			outputPaths = (
			);
			runOnlyForDeploymentPostprocessing = 0;
			shellPath = /bin/sh;
			shellScript = "\n# Config\n\n#UFW_TARGET=${PROJECT}\nUFW_TARGET=Ad4Max\n\n\n# Defaults\n\n# Default build dir\nUFW_BUILD_DIR=\"./build\"\n\n\n\n# Global vars\n\n#if [ ! -z ${BUILD_DIR} ]; then\n## Use the build dir specified by XCode\n#    UFW_BUILD_DIR=\"${BUILD_DIR}\"\n#fi\n\nif [ -z ${SDK_NAME} ]; then\n    # Use the latest iphoneos SDK available\n    UFW_GREP_RESULT=$(xcodebuild -showsdks | grep -o \"iphoneos.*$\")\n    while read -r line; do\n    UFW_SDK_VERSION=\"${line}\"\n    done <<< \"${UFW_GREP_RESULT}\"\nelse\n    # Use the SDK specified by XCode\n    UFW_SDK_VERSION=\"${SDK_NAME}\"\nfi\n\nUFW_SDK_VERSION=$(echo \"${UFW_SDK_VERSION}\" | grep -o \"[0-9].*$\")\nUFW_EXE_FOLDER_PATH=\"${UFW_TARGET}.framework\"\nUFW_EXE_PATH=\"${UFW_EXE_FOLDER_PATH}/${UFW_TARGET}\"\nUFW_IPHONE_DIR=\"${UFW_BUILD_DIR}/Release-iphoneos\"\nUFW_SIMULATOR_DIR=\"${UFW_BUILD_DIR}/Release-iphonesimulator\"\nUFW_UNIVERSAL_DIR=\"${UFW_BUILD_DIR}/Release-universal\"\n\n\n# Build Framework\n\nrm -rf \"${UFW_UNIVERSAL_DIR}\"\n\nxcodebuild -target \"${UFW_TARGET}\" -configuration Release -sdk iphoneos${UFW_SDK_VERSION} clean build\nif [ \"$?\" != \"0\" ]; then echo >&2 \"Error: xcodebuild failed\"; exit 1; fi\nxcodebuild -target \"${UFW_TARGET}\" -configuration Release -sdk iphonesimulator${UFW_SDK_VERSION} clean build\nif [ \"$?\" != \"0\" ]; then echo >&2 \"Error: xcodebuild failed\"; exit 1; fi\n\nif [ ! -f \"${UFW_IPHONE_DIR}/${UFW_EXE_PATH}\" ]; then\n    echo \"Framework target \\\"${UFW_TARGET}\\\" had no source files to build from. Make sure your source files have the correct target membership\"\n    exit 1\nfi\n\nmkdir -p \"${UFW_UNIVERSAL_DIR}\"\nif [ \"$?\" != \"0\" ]; then echo >&2 \"Error: mkdir failed\"; exit 1; fi\n\ncp -a \"${UFW_IPHONE_DIR}/${UFW_EXE_FOLDER_PATH}\" \"${UFW_UNIVERSAL_DIR}/${UFW_EXE_FOLDER_PATH}\"\nif [ \"$?\" != \"0\" ]; then echo >&2 \"Error: cp failed\"; exit 1; fi\n\nlipo -create -output \"${UFW_UNIVERSAL_DIR}/${UFW_EXE_PATH}\" \"${UFW_IPHONE_DIR}/${UFW_EXE_PATH}\" \"${UFW_SIMULATOR_DIR}/${UFW_EXE_PATH}\"\nif [ \"$?\" != \"0\" ]; then echo >&2 \"Error: lipo failed\"; exit 1; fi\n\t\t\t\t\t";
		};
		E4E798661488F51000A39E65 /* ShellScript */ = {
			isa = PBXShellScriptBuildPhase;
			buildActionMask = 2147483647;
			files = (
			);
			inputPaths = (
			);
			outputPaths = (
			);
			runOnlyForDeploymentPostprocessing = 0;
			shellPath = /bin/sh;
			shellScript = "/bin/sh ad4Max-Tests/RunTests.sh";
			showEnvVarsInLog = 0;
		};
/* End PBXShellScriptBuildPhase section */

/* Begin PBXSourcesBuildPhase section */
		11E4FB58148E1A26007437C8 /* Sources */ = {
			isa = PBXSourcesBuildPhase;
			buildActionMask = 2147483647;
			files = (
				11E4FB71148E1A8A007437C8 /* Ad4MaxBannerView.m in Sources */,
				11E4FB72148E1A8A007437C8 /* Ad4MaxParamsService.m in Sources */,
				11E3839E1490CFCF00D2499C /* Ad4MaxUtilities.m in Sources */,
				11E383AB1490D38B00D2499C /* Ad4MaxReachability.m in Sources */,
			);
			runOnlyForDeploymentPostprocessing = 0;
		};
		E44FECD01488EDA900C268E7 /* Sources */ = {
			isa = PBXSourcesBuildPhase;
			buildActionMask = 2147483647;
			files = (
				E44FECE11488EDA900C268E7 /* main.m in Sources */,
				E4E798641488EFC300A39E65 /* Ad4MaxParamsServiceTests.m in Sources */,
				E4A4D2F5149A1872004F2F9F /* Ad4MaxBannerViewTests.m in Sources */,
				112C8B58148D1AB2001FBABD /* Ad4MaxParamsService.m in Sources */,
				112C8B59148D1AB6001FBABD /* Ad4MaxBannerView.m in Sources */,
				11E383AA1490D38B00D2499C /* Ad4MaxReachability.m in Sources */,
				11E383B91490DE9F00D2499C /* Ad4MaxUtilities.m in Sources */,
			);
			runOnlyForDeploymentPostprocessing = 0;
		};
		E4D6E991147527F2005BB3AE /* Sources */ = {
			isa = PBXSourcesBuildPhase;
			buildActionMask = 2147483647;
			files = (
				11631B72148D198A00DC4DB4 /* ad4Max_SampleAppAppDelegate.m in Sources */,
				11631B74148D198A00DC4DB4 /* main.m in Sources */,
				11631B75148D198A00DC4DB4 /* ad4Max_SampleAppViewController.m in Sources */,
				112C8B50148D19AF001FBABD /* Ad4MaxBannerView.m in Sources */,
				112C8B51148D19AF001FBABD /* Ad4MaxParamsService.m in Sources */,
				11E3839C1490C6A800D2499C /* Ad4MaxUtilities.m in Sources */,
				11E383A91490D38B00D2499C /* Ad4MaxReachability.m in Sources */,
			);
			runOnlyForDeploymentPostprocessing = 0;
		};
/* End PBXSourcesBuildPhase section */

/* Begin PBXTargetDependency section */
		11E4FB70148E1A71007437C8 /* PBXTargetDependency */ = {
			isa = PBXTargetDependency;
			target = 11E4FB5D148E1A26007437C8 /* Ad4Max */;
			targetProxy = 11E4FB6F148E1A71007437C8 /* PBXContainerItemProxy */;
		};
/* End PBXTargetDependency section */

/* Begin PBXVariantGroup section */
		11631B6B148D198A00DC4DB4 /* ad4Max_SampleAppViewController.xib */ = {
			isa = PBXVariantGroup;
			children = (
				11631B6C148D198A00DC4DB4 /* en */,
			);
			name = ad4Max_SampleAppViewController.xib;
			sourceTree = "<group>";
		};
		11631B6D148D198A00DC4DB4 /* InfoPlist.strings */ = {
			isa = PBXVariantGroup;
			children = (
				11631B6E148D198A00DC4DB4 /* en */,
			);
			name = InfoPlist.strings;
			sourceTree = "<group>";
		};
		11631B6F148D198A00DC4DB4 /* MainWindow.xib */ = {
			isa = PBXVariantGroup;
			children = (
				11631B70148D198A00DC4DB4 /* en */,
			);
			name = MainWindow.xib;
			sourceTree = "<group>";
		};
		E44FECDC1488EDA900C268E7 /* InfoPlist.strings */ = {
			isa = PBXVariantGroup;
			children = (
				E44FECDD1488EDA900C268E7 /* en */,
			);
			name = InfoPlist.strings;
			sourceTree = "<group>";
		};
/* End PBXVariantGroup section */

/* Begin XCBuildConfiguration section */
		11E4FB64148E1A26007437C8 /* Debug */ = {
			isa = XCBuildConfiguration;
			buildSettings = {
				ALWAYS_SEARCH_USER_PATHS = NO;
				COPY_PHASE_STRIP = NO;
				DEAD_CODE_STRIPPING = NO;
				DYLIB_COMPATIBILITY_VERSION = 1;
				DYLIB_CURRENT_VERSION = 1;
				FRAMEWORK_VERSION = A;
				GCC_DYNAMIC_NO_PIC = NO;
				GCC_PRECOMPILE_PREFIX_HEADER = YES;
				GCC_PREFIX_HEADER = "";
				GCC_PREPROCESSOR_DEFINITIONS = (
					"DEBUG=1",
					"$(inherited)",
				);
				GCC_VERSION = com.apple.compilers.llvm.clang.1_0;
				GCC_WARN_ABOUT_MISSING_PROTOTYPES = YES;
				IPHONEOS_DEPLOYMENT_TARGET = 4.0;
				LINK_WITH_STANDARD_LIBRARIES = NO;
				MACH_O_TYPE = mh_object;
				OTHER_LDFLAGS = "-ObjC";
				PRODUCT_NAME = "$(TARGET_NAME)";
				WRAPPER_EXTENSION = framework;
			};
			name = Debug;
		};
		11E4FB65148E1A26007437C8 /* Release */ = {
			isa = XCBuildConfiguration;
			buildSettings = {
				ALWAYS_SEARCH_USER_PATHS = NO;
				COPY_PHASE_STRIP = YES;
				DEAD_CODE_STRIPPING = NO;
				DYLIB_COMPATIBILITY_VERSION = 1;
				DYLIB_CURRENT_VERSION = 1;
				FRAMEWORK_VERSION = A;
				GCC_PRECOMPILE_PREFIX_HEADER = YES;
				GCC_PREFIX_HEADER = "";
				GCC_VERSION = com.apple.compilers.llvm.clang.1_0;
				GCC_WARN_ABOUT_MISSING_PROTOTYPES = YES;
				IPHONEOS_DEPLOYMENT_TARGET = 4.0;
				LINK_WITH_STANDARD_LIBRARIES = NO;
				MACH_O_TYPE = mh_object;
				OTHER_LDFLAGS = "-ObjC";
				PRODUCT_NAME = "$(TARGET_NAME)";
				VALIDATE_PRODUCT = YES;
				WRAPPER_EXTENSION = framework;
			};
			name = Release;
		};
		11E4FB66148E1A26007437C8 /* AdHoc */ = {
			isa = XCBuildConfiguration;
			buildSettings = {
				ALWAYS_SEARCH_USER_PATHS = NO;
				COPY_PHASE_STRIP = YES;
				DEAD_CODE_STRIPPING = NO;
				DYLIB_COMPATIBILITY_VERSION = 1;
				DYLIB_CURRENT_VERSION = 1;
				FRAMEWORK_VERSION = A;
				GCC_PRECOMPILE_PREFIX_HEADER = YES;
				GCC_PREFIX_HEADER = "";
				GCC_VERSION = com.apple.compilers.llvm.clang.1_0;
				GCC_WARN_ABOUT_MISSING_PROTOTYPES = YES;
				IPHONEOS_DEPLOYMENT_TARGET = 4.0;
				LINK_WITH_STANDARD_LIBRARIES = NO;
				MACH_O_TYPE = mh_object;
				OTHER_LDFLAGS = "-ObjC";
				PRODUCT_NAME = "$(TARGET_NAME)";
				VALIDATE_PRODUCT = YES;
				WRAPPER_EXTENSION = framework;
			};
			name = AdHoc;
		};
		11E4FB67148E1A26007437C8 /* Debug */ = {
			isa = XCBuildConfiguration;
			buildSettings = {
				ALWAYS_SEARCH_USER_PATHS = NO;
				COPY_PHASE_STRIP = NO;
				GCC_DYNAMIC_NO_PIC = NO;
				GCC_PREPROCESSOR_DEFINITIONS = (
					"DEBUG=1",
					"$(inherited)",
				);
				GCC_VERSION = com.apple.compilers.llvm.clang.1_0;
				GCC_WARN_ABOUT_MISSING_PROTOTYPES = YES;
				IPHONEOS_DEPLOYMENT_TARGET = 4.0;
				PRODUCT_NAME = UniversalFramework;
			};
			name = Debug;
		};
		11E4FB68148E1A26007437C8 /* Release */ = {
			isa = XCBuildConfiguration;
			buildSettings = {
				ALWAYS_SEARCH_USER_PATHS = NO;
				COPY_PHASE_STRIP = YES;
				GCC_VERSION = com.apple.compilers.llvm.clang.1_0;
				GCC_WARN_ABOUT_MISSING_PROTOTYPES = YES;
				IPHONEOS_DEPLOYMENT_TARGET = 4.0;
				PRODUCT_NAME = UniversalFramework;
				VALIDATE_PRODUCT = YES;
			};
			name = Release;
		};
		11E4FB69148E1A26007437C8 /* AdHoc */ = {
			isa = XCBuildConfiguration;
			buildSettings = {
				ALWAYS_SEARCH_USER_PATHS = NO;
				COPY_PHASE_STRIP = YES;
				GCC_VERSION = com.apple.compilers.llvm.clang.1_0;
				GCC_WARN_ABOUT_MISSING_PROTOTYPES = YES;
				IPHONEOS_DEPLOYMENT_TARGET = 4.0;
				PRODUCT_NAME = UniversalFramework;
				VALIDATE_PRODUCT = YES;
			};
			name = AdHoc;
		};
		E44FECF31488EDA900C268E7 /* Debug */ = {
			isa = XCBuildConfiguration;
			buildSettings = {
				ALWAYS_SEARCH_USER_PATHS = NO;
				"CODE_SIGN_IDENTITY[sdk=iphoneos*]" = "iPhone Developer";
				COPY_PHASE_STRIP = NO;
				FRAMEWORK_SEARCH_PATHS = (
					"$(inherited)",
					"\"$(SRCROOT)/ad4Max-SampleApp\"",
					"\"$(SRCROOT)/ad4Max-Tests\"",
				);
				GCC_DYNAMIC_NO_PIC = NO;
				GCC_PRECOMPILE_PREFIX_HEADER = YES;
				GCC_PREFIX_HEADER = "ad4Max-Tests/ad4Max-Tests-Prefix.pch";
				HEADER_SEARCH_PATHS = "\"$(PROJECT_DIR)/ad4Max-Tests/OCMock/Headers\"";
				INFOPLIST_FILE = "ad4Max-Tests/ad4Max-Tests-Info.plist";
				LIBRARY_SEARCH_PATHS = (
					"$(inherited)",
					"\"$(PROJECT_DIR)/ad4Max-Tests/OCMock\"",
				);
				OTHER_LDFLAGS = (
					"-ObjC",
					"-all_load",
					"-force_load",
					"\"$(PROJECT_DIR)/ad4Max-Tests/OCMock/libOCMock.a\"",
				);
				PRODUCT_NAME = "$(TARGET_NAME)";
				TARGETED_DEVICE_FAMILY = "1,2";
				WRAPPER_EXTENSION = app;
			};
			name = Debug;
		};
		E44FECF41488EDA900C268E7 /* Release */ = {
			isa = XCBuildConfiguration;
			buildSettings = {
				ALWAYS_SEARCH_USER_PATHS = NO;
				"CODE_SIGN_IDENTITY[sdk=iphoneos*]" = "iPhone Developer";
				COPY_PHASE_STRIP = YES;
				FRAMEWORK_SEARCH_PATHS = (
					"$(inherited)",
					"\"$(SRCROOT)/ad4Max-SampleApp\"",
					"\"$(SRCROOT)/ad4Max-Tests\"",
				);
				GCC_PRECOMPILE_PREFIX_HEADER = YES;
				GCC_PREFIX_HEADER = "ad4Max-Tests/ad4Max-Tests-Prefix.pch";
				HEADER_SEARCH_PATHS = "\"$(PROJECT_DIR)/ad4Max-Tests/OCMock/Headers\"";
				INFOPLIST_FILE = "ad4Max-Tests/ad4Max-Tests-Info.plist";
				LIBRARY_SEARCH_PATHS = (
					"$(inherited)",
					"\"$(PROJECT_DIR)/ad4Max-Tests/OCMock\"",
				);
				OTHER_LDFLAGS = (
					"-ObjC",
					"-all_load",
					"-force_load",
					"\"$(PROJECT_DIR)/ad4Max-Tests/OCMock/libOCMock.a\"",
				);
				PRODUCT_NAME = "$(TARGET_NAME)";
				TARGETED_DEVICE_FAMILY = "1,2";
				VALIDATE_PRODUCT = YES;
				WRAPPER_EXTENSION = app;
			};
			name = Release;
		};
		E44FECF51488EDA900C268E7 /* AdHoc */ = {
			isa = XCBuildConfiguration;
			buildSettings = {
				ALWAYS_SEARCH_USER_PATHS = NO;
				"CODE_SIGN_IDENTITY[sdk=iphoneos*]" = "iPhone Developer";
				COPY_PHASE_STRIP = YES;
				FRAMEWORK_SEARCH_PATHS = (
					"$(inherited)",
					"\"$(SRCROOT)/ad4Max-SampleApp\"",
					"\"$(SRCROOT)/ad4Max-Tests\"",
				);
				GCC_PRECOMPILE_PREFIX_HEADER = YES;
				GCC_PREFIX_HEADER = "ad4Max-Tests/ad4Max-Tests-Prefix.pch";
				HEADER_SEARCH_PATHS = "\"$(PROJECT_DIR)/ad4Max-Tests/OCMock/Headers\"";
				INFOPLIST_FILE = "ad4Max-Tests/ad4Max-Tests-Info.plist";
				LIBRARY_SEARCH_PATHS = (
					"$(inherited)",
					"\"$(PROJECT_DIR)/ad4Max-Tests/OCMock\"",
				);
				OTHER_LDFLAGS = (
					"-ObjC",
					"-all_load",
					"-force_load",
					"\"$(PROJECT_DIR)/ad4Max-Tests/OCMock/libOCMock.a\"",
				);
				PRODUCT_NAME = "$(TARGET_NAME)";
				TARGETED_DEVICE_FAMILY = "1,2";
				VALIDATE_PRODUCT = YES;
				WRAPPER_EXTENSION = app;
			};
			name = AdHoc;
		};
		E475DF3114766A2B00103DE1 /* AdHoc */ = {
			isa = XCBuildConfiguration;
			buildSettings = {
				ARCHS = (
					"$(ARCHS_STANDARD_32_BIT)",
					armv6,
				);
				CODE_SIGN_ENTITLEMENTS = Entitlements.plist;
				CODE_SIGN_IDENTITY = "iPhone Distribution";
				"CODE_SIGN_IDENTITY[sdk=iphoneos*]" = "iPhone Distribution";
				GCC_C_LANGUAGE_STANDARD = gnu99;
				GCC_VERSION = "";
				GCC_WARN_ABOUT_RETURN_TYPE = YES;
				GCC_WARN_UNUSED_VARIABLE = YES;
				IPHONEOS_DEPLOYMENT_TARGET = 4.0;
				OTHER_CFLAGS = "-DNS_BLOCK_ASSERTIONS=1";
				PROVISIONING_PROFILE = "";
				"PROVISIONING_PROFILE[sdk=iphoneos*]" = "";
				SDKROOT = iphoneos;
			};
			name = AdHoc;
		};
		E475DF3214766A2B00103DE1 /* AdHoc */ = {
			isa = XCBuildConfiguration;
			buildSettings = {
				ALWAYS_SEARCH_USER_PATHS = NO;
				CODE_SIGN_ENTITLEMENTS = "ad4Max-SampleApp/AppDelegate/Entitlements.plist";
				CODE_SIGN_IDENTITY = "";
				"CODE_SIGN_IDENTITY[sdk=iphoneos*]" = "";
				COPY_PHASE_STRIP = YES;
				GCC_PRECOMPILE_PREFIX_HEADER = YES;
				GCC_PREFIX_HEADER = "ad4Max-SampleApp/AppDelegate/ad4Max-SampleApp-Prefix.pch";
				INFOPLIST_FILE = "ad4Max-SampleApp/AppDelegate/ad4Max-SampleApp-Info.plist";
				IPHONEOS_DEPLOYMENT_TARGET = 4.0;
				PRODUCT_NAME = "ad4Max-SampleApp";
				VALIDATE_PRODUCT = YES;
				WRAPPER_EXTENSION = app;
			};
			name = AdHoc;
		};
		E4D6E9B4147527F2005BB3AE /* Debug */ = {
			isa = XCBuildConfiguration;
			buildSettings = {
				ARCHS = (
					"$(ARCHS_STANDARD_32_BIT)",
					armv6,
				);
				"CODE_SIGN_IDENTITY[sdk=iphoneos*]" = "iPhone Developer";
				GCC_C_LANGUAGE_STANDARD = gnu99;
				GCC_OPTIMIZATION_LEVEL = 0;
				GCC_PREPROCESSOR_DEFINITIONS = DEBUG;
				GCC_SYMBOLS_PRIVATE_EXTERN = NO;
				GCC_VERSION = "";
				GCC_WARN_ABOUT_RETURN_TYPE = YES;
				GCC_WARN_UNUSED_VARIABLE = YES;
				IPHONEOS_DEPLOYMENT_TARGET = 4.0;
				SDKROOT = iphoneos;
			};
			name = Debug;
		};
		E4D6E9B5147527F2005BB3AE /* Release */ = {
			isa = XCBuildConfiguration;
			buildSettings = {
				ARCHS = (
					"$(ARCHS_STANDARD_32_BIT)",
					armv6,
				);
				CODE_SIGN_IDENTITY = "iPhone Distribution";
				"CODE_SIGN_IDENTITY[sdk=iphoneos*]" = "iPhone Distribution";
				GCC_C_LANGUAGE_STANDARD = gnu99;
				GCC_VERSION = "";
				GCC_WARN_ABOUT_RETURN_TYPE = YES;
				GCC_WARN_UNUSED_VARIABLE = YES;
				IPHONEOS_DEPLOYMENT_TARGET = 4.0;
				OTHER_CFLAGS = "-DNS_BLOCK_ASSERTIONS=1";
				PROVISIONING_PROFILE = "";
				"PROVISIONING_PROFILE[sdk=iphoneos*]" = "";
				SDKROOT = iphoneos;
			};
			name = Release;
		};
		E4D6E9B7147527F2005BB3AE /* Debug */ = {
			isa = XCBuildConfiguration;
			buildSettings = {
				ALWAYS_SEARCH_USER_PATHS = NO;
				COPY_PHASE_STRIP = NO;
				GCC_DYNAMIC_NO_PIC = NO;
				GCC_PRECOMPILE_PREFIX_HEADER = YES;
				GCC_PREFIX_HEADER = "ad4Max-SampleApp/AppDelegate/ad4Max-SampleApp-Prefix.pch";
				INFOPLIST_FILE = "ad4Max-SampleApp/AppDelegate/ad4Max-SampleApp-Info.plist";
				IPHONEOS_DEPLOYMENT_TARGET = 4.0;
				PRODUCT_NAME = "ad4Max-SampleApp";
				WRAPPER_EXTENSION = app;
			};
			name = Debug;
		};
		E4D6E9B8147527F2005BB3AE /* Release */ = {
			isa = XCBuildConfiguration;
			buildSettings = {
				ALWAYS_SEARCH_USER_PATHS = NO;
				CODE_SIGN_IDENTITY = "";
				"CODE_SIGN_IDENTITY[sdk=iphoneos*]" = "iPhone Distribution";
				COPY_PHASE_STRIP = YES;
				GCC_PRECOMPILE_PREFIX_HEADER = YES;
				GCC_PREFIX_HEADER = "ad4Max-SampleApp/AppDelegate/ad4Max-SampleApp-Prefix.pch";
				INFOPLIST_FILE = "ad4Max-SampleApp/AppDelegate/ad4Max-SampleApp-Info.plist";
				IPHONEOS_DEPLOYMENT_TARGET = 4.0;
				PRODUCT_NAME = "ad4Max-SampleApp";
				"PROVISIONING_PROFILE[sdk=iphoneos*]" = "";
				VALIDATE_PRODUCT = YES;
				WRAPPER_EXTENSION = app;
			};
			name = Release;
		};
/* End XCBuildConfiguration section */

/* Begin XCConfigurationList section */
		11E4FB6A148E1A26007437C8 /* Build configuration list for PBXNativeTarget "Ad4Max" */ = {
			isa = XCConfigurationList;
			buildConfigurations = (
				11E4FB64148E1A26007437C8 /* Debug */,
				11E4FB65148E1A26007437C8 /* Release */,
				11E4FB66148E1A26007437C8 /* AdHoc */,
			);
			defaultConfigurationIsVisible = 0;
			defaultConfigurationName = Release;
		};
		11E4FB6B148E1A26007437C8 /* Build configuration list for PBXAggregateTarget "Universal_Framework" */ = {
			isa = XCConfigurationList;
			buildConfigurations = (
				11E4FB67148E1A26007437C8 /* Debug */,
				11E4FB68148E1A26007437C8 /* Release */,
				11E4FB69148E1A26007437C8 /* AdHoc */,
			);
			defaultConfigurationIsVisible = 0;
			defaultConfigurationName = Release;
		};
		E44FECF61488EDA900C268E7 /* Build configuration list for PBXNativeTarget "ad4Max-Tests" */ = {
			isa = XCConfigurationList;
			buildConfigurations = (
				E44FECF31488EDA900C268E7 /* Debug */,
				E44FECF41488EDA900C268E7 /* Release */,
				E44FECF51488EDA900C268E7 /* AdHoc */,
			);
			defaultConfigurationIsVisible = 0;
			defaultConfigurationName = Release;
		};
		E4D6E98F147527F2005BB3AE /* Build configuration list for PBXProject "ad4Max-SampleApp" */ = {
			isa = XCConfigurationList;
			buildConfigurations = (
				E4D6E9B4147527F2005BB3AE /* Debug */,
				E4D6E9B5147527F2005BB3AE /* Release */,
				E475DF3114766A2B00103DE1 /* AdHoc */,
			);
			defaultConfigurationIsVisible = 0;
			defaultConfigurationName = Release;
		};
		E4D6E9B6147527F2005BB3AE /* Build configuration list for PBXNativeTarget "ad4Max-SampleApp" */ = {
			isa = XCConfigurationList;
			buildConfigurations = (
				E4D6E9B7147527F2005BB3AE /* Debug */,
				E4D6E9B8147527F2005BB3AE /* Release */,
				E475DF3214766A2B00103DE1 /* AdHoc */,
			);
			defaultConfigurationIsVisible = 0;
			defaultConfigurationName = Release;
		};
/* End XCConfigurationList section */
	};
	rootObject = E4D6E98C147527F2005BB3AE /* Project object */;
}
