// !$*UTF8*$!
{
	archiveVersion = 1;
	classes = {
	};
	objectVersion = 46;
	objects = {

/* Begin PBXBuildFile section */
		112C8B50148D19AF001FBABD /* Ad4MaxBannerView.m in Sources */ = {isa = PBXBuildFile; fileRef = 112C8B4C148D19AF001FBABD /* Ad4MaxBannerView.m */; };
		112C8B51148D19AF001FBABD /* Ad4MaxParamsService.m in Sources */ = {isa = PBXBuildFile; fileRef = 112C8B4F148D19AF001FBABD /* Ad4MaxParamsService.m */; };
		112C8B54148D1A77001FBABD /* SystemConfiguration.framework in Frameworks */ = {isa = PBXBuildFile; fileRef = E4C6F7E8147FB52000936DA4 /* SystemConfiguration.framework */; };
		112C8B55148D1A77001FBABD /* CoreTelephony.framework in Frameworks */ = {isa = PBXBuildFile; fileRef = E4C6F7E3147FB1B400936DA4 /* CoreTelephony.framework */; };
		112C8B57148D1A7F001FBABD /* GHUnitIOS.framework in Frameworks */ = {isa = PBXBuildFile; fileRef = 112C8B56148D1A7F001FBABD /* GHUnitIOS.framework */; };
		112C8B58148D1AB2001FBABD /* Ad4MaxParamsService.m in Sources */ = {isa = PBXBuildFile; fileRef = 112C8B4F148D19AF001FBABD /* Ad4MaxParamsService.m */; };
		112C8B59148D1AB6001FBABD /* Ad4MaxBannerView.m in Sources */ = {isa = PBXBuildFile; fileRef = 112C8B4C148D19AF001FBABD /* Ad4MaxBannerView.m */; };
		112C8B5A148D1AC2001FBABD /* NSString+MD5Addition.m in Sources */ = {isa = PBXBuildFile; fileRef = 11631B65148D198A00DC4DB4 /* NSString+MD5Addition.m */; };
		112C8B5B148D1AC5001FBABD /* Reachability.m in Sources */ = {isa = PBXBuildFile; fileRef = 11631B67148D198A00DC4DB4 /* Reachability.m */; };
		112C8B5C148D1AC8001FBABD /* UIDevice+IdentifierAddition.m in Sources */ = {isa = PBXBuildFile; fileRef = 11631B69148D198A00DC4DB4 /* UIDevice+IdentifierAddition.m */; };
		11631B71148D198A00DC4DB4 /* ad4Max-SampleApp-Info.plist in Resources */ = {isa = PBXBuildFile; fileRef = 11631B5B148D198A00DC4DB4 /* ad4Max-SampleApp-Info.plist */; };
		11631B72148D198A00DC4DB4 /* ad4Max_SampleAppAppDelegate.m in Sources */ = {isa = PBXBuildFile; fileRef = 11631B5D148D198A00DC4DB4 /* ad4Max_SampleAppAppDelegate.m */; };
		11631B73148D198A00DC4DB4 /* Entitlements.plist in Resources */ = {isa = PBXBuildFile; fileRef = 11631B5E148D198A00DC4DB4 /* Entitlements.plist */; };
		11631B74148D198A00DC4DB4 /* main.m in Sources */ = {isa = PBXBuildFile; fileRef = 11631B5F148D198A00DC4DB4 /* main.m */; };
		11631B75148D198A00DC4DB4 /* ad4Max_SampleAppViewController.m in Sources */ = {isa = PBXBuildFile; fileRef = 11631B62148D198A00DC4DB4 /* ad4Max_SampleAppViewController.m */; };
		11631B76148D198A00DC4DB4 /* NSString+MD5Addition.m in Sources */ = {isa = PBXBuildFile; fileRef = 11631B65148D198A00DC4DB4 /* NSString+MD5Addition.m */; };
		11631B77148D198A00DC4DB4 /* Reachability.m in Sources */ = {isa = PBXBuildFile; fileRef = 11631B67148D198A00DC4DB4 /* Reachability.m */; };
		11631B78148D198A00DC4DB4 /* UIDevice+IdentifierAddition.m in Sources */ = {isa = PBXBuildFile; fileRef = 11631B69148D198A00DC4DB4 /* UIDevice+IdentifierAddition.m */; };
		11631B79148D198A00DC4DB4 /* ad4Max_SampleAppViewController.xib in Resources */ = {isa = PBXBuildFile; fileRef = 11631B6B148D198A00DC4DB4 /* ad4Max_SampleAppViewController.xib */; };
		11631B7A148D198A00DC4DB4 /* InfoPlist.strings in Resources */ = {isa = PBXBuildFile; fileRef = 11631B6D148D198A00DC4DB4 /* InfoPlist.strings */; };
		11631B7B148D198A00DC4DB4 /* MainWindow.xib in Resources */ = {isa = PBXBuildFile; fileRef = 11631B6F148D198A00DC4DB4 /* MainWindow.xib */; };
		E44FECD61488EDA900C268E7 /* UIKit.framework in Frameworks */ = {isa = PBXBuildFile; fileRef = E4D6E999147527F2005BB3AE /* UIKit.framework */; };
		E44FECD71488EDA900C268E7 /* Foundation.framework in Frameworks */ = {isa = PBXBuildFile; fileRef = E4D6E99B147527F2005BB3AE /* Foundation.framework */; };
		E44FECD81488EDA900C268E7 /* CoreGraphics.framework in Frameworks */ = {isa = PBXBuildFile; fileRef = E4D6E99D147527F2005BB3AE /* CoreGraphics.framework */; };
		E44FECDE1488EDA900C268E7 /* InfoPlist.strings in Resources */ = {isa = PBXBuildFile; fileRef = E44FECDC1488EDA900C268E7 /* InfoPlist.strings */; };
		E44FECE11488EDA900C268E7 /* main.m in Sources */ = {isa = PBXBuildFile; fileRef = E44FECE01488EDA900C268E7 /* main.m */; };
		E4C6F7E4147FB1B500936DA4 /* CoreTelephony.framework in Frameworks */ = {isa = PBXBuildFile; fileRef = E4C6F7E3147FB1B400936DA4 /* CoreTelephony.framework */; settings = {ATTRIBUTES = (Weak, ); }; };
		E4C6F7E9147FB52000936DA4 /* SystemConfiguration.framework in Frameworks */ = {isa = PBXBuildFile; fileRef = E4C6F7E8147FB52000936DA4 /* SystemConfiguration.framework */; };
		E4D6E99A147527F2005BB3AE /* UIKit.framework in Frameworks */ = {isa = PBXBuildFile; fileRef = E4D6E999147527F2005BB3AE /* UIKit.framework */; };
		E4D6E99C147527F2005BB3AE /* Foundation.framework in Frameworks */ = {isa = PBXBuildFile; fileRef = E4D6E99B147527F2005BB3AE /* Foundation.framework */; };
		E4D6E99E147527F2005BB3AE /* CoreGraphics.framework in Frameworks */ = {isa = PBXBuildFile; fileRef = E4D6E99D147527F2005BB3AE /* CoreGraphics.framework */; };
		E4E798641488EFC300A39E65 /* Ad4MaxParamsServiceTests.m in Sources */ = {isa = PBXBuildFile; fileRef = E4E798631488EFC300A39E65 /* Ad4MaxParamsServiceTests.m */; };
/* End PBXBuildFile section */

/* Begin PBXFileReference section */
		112C8B4B148D19AF001FBABD /* Ad4MaxBannerView.h */ = {isa = PBXFileReference; fileEncoding = 4; lastKnownFileType = sourcecode.c.h; path = Ad4MaxBannerView.h; sourceTree = "<group>"; };
		112C8B4C148D19AF001FBABD /* Ad4MaxBannerView.m */ = {isa = PBXFileReference; fileEncoding = 4; lastKnownFileType = sourcecode.c.objc; path = Ad4MaxBannerView.m; sourceTree = "<group>"; };
		112C8B4D148D19AF001FBABD /* Ad4MaxBannerViewDelegate.h */ = {isa = PBXFileReference; fileEncoding = 4; lastKnownFileType = sourcecode.c.h; path = Ad4MaxBannerViewDelegate.h; sourceTree = "<group>"; };
		112C8B4E148D19AF001FBABD /* Ad4MaxParamsService.h */ = {isa = PBXFileReference; fileEncoding = 4; lastKnownFileType = sourcecode.c.h; path = Ad4MaxParamsService.h; sourceTree = "<group>"; };
		112C8B4F148D19AF001FBABD /* Ad4MaxParamsService.m */ = {isa = PBXFileReference; fileEncoding = 4; lastKnownFileType = sourcecode.c.objc; path = Ad4MaxParamsService.m; sourceTree = "<group>"; };
		112C8B53148D1A35001FBABD /* ad4Max-SampleApp-Prefix.pch */ = {isa = PBXFileReference; fileEncoding = 4; lastKnownFileType = sourcecode.c.h; name = "ad4Max-SampleApp-Prefix.pch"; path = "AppDelegate/ad4Max-SampleApp-Prefix.pch"; sourceTree = "<group>"; };
		112C8B56148D1A7F001FBABD /* GHUnitIOS.framework */ = {isa = PBXFileReference; lastKnownFileType = wrapper.framework; name = GHUnitIOS.framework; path = "ad4Max-Tests/GHUnitIOS.framework"; sourceTree = "<group>"; };
		11631B5B148D198A00DC4DB4 /* ad4Max-SampleApp-Info.plist */ = {isa = PBXFileReference; fileEncoding = 4; lastKnownFileType = text.plist.xml; name = "ad4Max-SampleApp-Info.plist"; path = "AppDelegate/ad4Max-SampleApp-Info.plist"; sourceTree = "<group>"; };
		11631B5C148D198A00DC4DB4 /* ad4Max_SampleAppAppDelegate.h */ = {isa = PBXFileReference; fileEncoding = 4; lastKnownFileType = sourcecode.c.h; path = ad4Max_SampleAppAppDelegate.h; sourceTree = "<group>"; };
		11631B5D148D198A00DC4DB4 /* ad4Max_SampleAppAppDelegate.m */ = {isa = PBXFileReference; fileEncoding = 4; lastKnownFileType = sourcecode.c.objc; path = ad4Max_SampleAppAppDelegate.m; sourceTree = "<group>"; };
		11631B5E148D198A00DC4DB4 /* Entitlements.plist */ = {isa = PBXFileReference; fileEncoding = 4; lastKnownFileType = text.plist.xml; name = Entitlements.plist; path = AppDelegate/Entitlements.plist; sourceTree = "<group>"; };
		11631B5F148D198A00DC4DB4 /* main.m */ = {isa = PBXFileReference; fileEncoding = 4; lastKnownFileType = sourcecode.c.objc; name = main.m; path = AppDelegate/main.m; sourceTree = "<group>"; };
		11631B61148D198A00DC4DB4 /* ad4Max_SampleAppViewController.h */ = {isa = PBXFileReference; fileEncoding = 4; lastKnownFileType = sourcecode.c.h; path = ad4Max_SampleAppViewController.h; sourceTree = "<group>"; };
		11631B62148D198A00DC4DB4 /* ad4Max_SampleAppViewController.m */ = {isa = PBXFileReference; fileEncoding = 4; lastKnownFileType = sourcecode.c.objc; path = ad4Max_SampleAppViewController.m; sourceTree = "<group>"; };
		11631B64148D198A00DC4DB4 /* NSString+MD5Addition.h */ = {isa = PBXFileReference; fileEncoding = 4; lastKnownFileType = sourcecode.c.h; path = "NSString+MD5Addition.h"; sourceTree = "<group>"; };
		11631B65148D198A00DC4DB4 /* NSString+MD5Addition.m */ = {isa = PBXFileReference; fileEncoding = 4; lastKnownFileType = sourcecode.c.objc; path = "NSString+MD5Addition.m"; sourceTree = "<group>"; };
		11631B66148D198A00DC4DB4 /* Reachability.h */ = {isa = PBXFileReference; fileEncoding = 4; lastKnownFileType = sourcecode.c.h; path = Reachability.h; sourceTree = "<group>"; };
		11631B67148D198A00DC4DB4 /* Reachability.m */ = {isa = PBXFileReference; fileEncoding = 4; lastKnownFileType = sourcecode.c.objc; path = Reachability.m; sourceTree = "<group>"; };
		11631B68148D198A00DC4DB4 /* UIDevice+IdentifierAddition.h */ = {isa = PBXFileReference; fileEncoding = 4; lastKnownFileType = sourcecode.c.h; path = "UIDevice+IdentifierAddition.h"; sourceTree = "<group>"; };
		11631B69148D198A00DC4DB4 /* UIDevice+IdentifierAddition.m */ = {isa = PBXFileReference; fileEncoding = 4; lastKnownFileType = sourcecode.c.objc; path = "UIDevice+IdentifierAddition.m"; sourceTree = "<group>"; };
		11631B6C148D198A00DC4DB4 /* en */ = {isa = PBXFileReference; lastKnownFileType = file.xib; name = en; path = en.lproj/ad4Max_SampleAppViewController.xib; sourceTree = "<group>"; };
		11631B6E148D198A00DC4DB4 /* en */ = {isa = PBXFileReference; lastKnownFileType = text.plist.strings; name = en; path = en.lproj/InfoPlist.strings; sourceTree = "<group>"; };
		11631B70148D198A00DC4DB4 /* en */ = {isa = PBXFileReference; lastKnownFileType = file.xib; name = en; path = en.lproj/MainWindow.xib; sourceTree = "<group>"; };
		E44FECD41488EDA900C268E7 /* ad4Max-Tests.app */ = {isa = PBXFileReference; explicitFileType = wrapper.application; includeInIndex = 0; path = "ad4Max-Tests.app"; sourceTree = BUILT_PRODUCTS_DIR; };
		E44FECDB1488EDA900C268E7 /* ad4Max-Tests-Info.plist */ = {isa = PBXFileReference; lastKnownFileType = text.plist.xml; path = "ad4Max-Tests-Info.plist"; sourceTree = "<group>"; };
		E44FECDD1488EDA900C268E7 /* en */ = {isa = PBXFileReference; lastKnownFileType = text.plist.strings; name = en; path = en.lproj/InfoPlist.strings; sourceTree = "<group>"; };
		E44FECDF1488EDA900C268E7 /* ad4Max-Tests-Prefix.pch */ = {isa = PBXFileReference; lastKnownFileType = sourcecode.c.h; path = "ad4Max-Tests-Prefix.pch"; sourceTree = "<group>"; };
		E44FECE01488EDA900C268E7 /* main.m */ = {isa = PBXFileReference; lastKnownFileType = sourcecode.c.objc; path = main.m; sourceTree = "<group>"; };
		E4C6F7E3147FB1B400936DA4 /* CoreTelephony.framework */ = {isa = PBXFileReference; lastKnownFileType = wrapper.framework; name = CoreTelephony.framework; path = System/Library/Frameworks/CoreTelephony.framework; sourceTree = SDKROOT; };
		E4C6F7E8147FB52000936DA4 /* SystemConfiguration.framework */ = {isa = PBXFileReference; lastKnownFileType = wrapper.framework; name = SystemConfiguration.framework; path = System/Library/Frameworks/SystemConfiguration.framework; sourceTree = SDKROOT; };
		E4D6E995147527F2005BB3AE /* ad4Max-SampleApp.app */ = {isa = PBXFileReference; explicitFileType = wrapper.application; includeInIndex = 0; path = "ad4Max-SampleApp.app"; sourceTree = BUILT_PRODUCTS_DIR; };
		E4D6E999147527F2005BB3AE /* UIKit.framework */ = {isa = PBXFileReference; lastKnownFileType = wrapper.framework; name = UIKit.framework; path = System/Library/Frameworks/UIKit.framework; sourceTree = SDKROOT; };
		E4D6E99B147527F2005BB3AE /* Foundation.framework */ = {isa = PBXFileReference; lastKnownFileType = wrapper.framework; name = Foundation.framework; path = System/Library/Frameworks/Foundation.framework; sourceTree = SDKROOT; };
		E4D6E99D147527F2005BB3AE /* CoreGraphics.framework */ = {isa = PBXFileReference; lastKnownFileType = wrapper.framework; name = CoreGraphics.framework; path = System/Library/Frameworks/CoreGraphics.framework; sourceTree = SDKROOT; };
		E4E798631488EFC300A39E65 /* Ad4MaxParamsServiceTests.m */ = {isa = PBXFileReference; fileEncoding = 4; lastKnownFileType = sourcecode.c.objc; path = Ad4MaxParamsServiceTests.m; sourceTree = "<group>"; };
/* End PBXFileReference section */

/* Begin PBXFrameworksBuildPhase section */
		E44FECD11488EDA900C268E7 /* Frameworks */ = {
			isa = PBXFrameworksBuildPhase;
			buildActionMask = 2147483647;
			files = (
				112C8B57148D1A7F001FBABD /* GHUnitIOS.framework in Frameworks */,
				E44FECD61488EDA900C268E7 /* UIKit.framework in Frameworks */,
				E44FECD71488EDA900C268E7 /* Foundation.framework in Frameworks */,
				112C8B54148D1A77001FBABD /* SystemConfiguration.framework in Frameworks */,
				112C8B55148D1A77001FBABD /* CoreTelephony.framework in Frameworks */,
				E44FECD81488EDA900C268E7 /* CoreGraphics.framework in Frameworks */,
			);
			runOnlyForDeploymentPostprocessing = 0;
		};
		E4D6E992147527F2005BB3AE /* Frameworks */ = {
			isa = PBXFrameworksBuildPhase;
			buildActionMask = 2147483647;
			files = (
				E4C6F7E9147FB52000936DA4 /* SystemConfiguration.framework in Frameworks */,
				E4C6F7E4147FB1B500936DA4 /* CoreTelephony.framework in Frameworks */,
				E4D6E99A147527F2005BB3AE /* UIKit.framework in Frameworks */,
				E4D6E99C147527F2005BB3AE /* Foundation.framework in Frameworks */,
				E4D6E99E147527F2005BB3AE /* CoreGraphics.framework in Frameworks */,
			);
			runOnlyForDeploymentPostprocessing = 0;
		};
/* End PBXFrameworksBuildPhase section */

/* Begin PBXGroup section */
		112C8B49148D19AF001FBABD /* ad4Max */ = {
			isa = PBXGroup;
			children = (
				112C8B4B148D19AF001FBABD /* Ad4MaxBannerView.h */,
				112C8B4C148D19AF001FBABD /* Ad4MaxBannerView.m */,
				112C8B4D148D19AF001FBABD /* Ad4MaxBannerViewDelegate.h */,
				112C8B4E148D19AF001FBABD /* Ad4MaxParamsService.h */,
				112C8B4F148D19AF001FBABD /* Ad4MaxParamsService.m */,
			);
			path = ad4Max;
			sourceTree = "<group>";
		};
		11631B5A148D198A00DC4DB4 /* AppDelegate */ = {
			isa = PBXGroup;
			children = (
				11631B5C148D198A00DC4DB4 /* ad4Max_SampleAppAppDelegate.h */,
				11631B5D148D198A00DC4DB4 /* ad4Max_SampleAppAppDelegate.m */,
			);
			path = AppDelegate;
			sourceTree = "<group>";
		};
		11631B60148D198A00DC4DB4 /* Controllers */ = {
			isa = PBXGroup;
			children = (
				11631B61148D198A00DC4DB4 /* ad4Max_SampleAppViewController.h */,
				11631B62148D198A00DC4DB4 /* ad4Max_SampleAppViewController.m */,
			);
			path = Controllers;
			sourceTree = "<group>";
		};
		11631B63148D198A00DC4DB4 /* Externals */ = {
			isa = PBXGroup;
			children = (
				11631B64148D198A00DC4DB4 /* NSString+MD5Addition.h */,
				11631B65148D198A00DC4DB4 /* NSString+MD5Addition.m */,
				11631B66148D198A00DC4DB4 /* Reachability.h */,
				11631B67148D198A00DC4DB4 /* Reachability.m */,
				11631B68148D198A00DC4DB4 /* UIDevice+IdentifierAddition.h */,
				11631B69148D198A00DC4DB4 /* UIDevice+IdentifierAddition.m */,
			);
			path = Externals;
			sourceTree = "<group>";
		};
		11631B6A148D198A00DC4DB4 /* Views */ = {
			isa = PBXGroup;
			children = (
				11631B6B148D198A00DC4DB4 /* ad4Max_SampleAppViewController.xib */,
				11631B6D148D198A00DC4DB4 /* InfoPlist.strings */,
				11631B6F148D198A00DC4DB4 /* MainWindow.xib */,
			);
			path = Views;
			sourceTree = "<group>";
		};
		E44FECD91488EDA900C268E7 /* ad4Max-Tests */ = {
			isa = PBXGroup;
			children = (
				E44FECDA1488EDA900C268E7 /* Supporting Files */,
				E4E798631488EFC300A39E65 /* Ad4MaxParamsServiceTests.m */,
			);
			path = "ad4Max-Tests";
			sourceTree = "<group>";
		};
		E44FECDA1488EDA900C268E7 /* Supporting Files */ = {
			isa = PBXGroup;
			children = (
				E44FECDB1488EDA900C268E7 /* ad4Max-Tests-Info.plist */,
				E44FECDC1488EDA900C268E7 /* InfoPlist.strings */,
				E44FECDF1488EDA900C268E7 /* ad4Max-Tests-Prefix.pch */,
				E44FECE01488EDA900C268E7 /* main.m */,
			);
			name = "Supporting Files";
			sourceTree = "<group>";
		};
		E4D6E98A147527F2005BB3AE = {
			isa = PBXGroup;
			children = (
				112C8B49148D19AF001FBABD /* ad4Max */,
				E4D6E99F147527F2005BB3AE /* ad4Max-SampleApp */,
				E44FECD91488EDA900C268E7 /* ad4Max-Tests */,
				E4D6E998147527F2005BB3AE /* Frameworks */,
				E4D6E996147527F2005BB3AE /* Products */,
			);
			sourceTree = "<group>";
		};
		E4D6E996147527F2005BB3AE /* Products */ = {
			isa = PBXGroup;
			children = (
				E4D6E995147527F2005BB3AE /* ad4Max-SampleApp.app */,
				E44FECD41488EDA900C268E7 /* ad4Max-Tests.app */,
			);
			name = Products;
			sourceTree = "<group>";
		};
		E4D6E998147527F2005BB3AE /* Frameworks */ = {
			isa = PBXGroup;
			children = (
				112C8B56148D1A7F001FBABD /* GHUnitIOS.framework */,
				E4C6F7E8147FB52000936DA4 /* SystemConfiguration.framework */,
				E4C6F7E3147FB1B400936DA4 /* CoreTelephony.framework */,
				E4D6E999147527F2005BB3AE /* UIKit.framework */,
				E4D6E99B147527F2005BB3AE /* Foundation.framework */,
				E4D6E99D147527F2005BB3AE /* CoreGraphics.framework */,
			);
			name = Frameworks;
			sourceTree = "<group>";
		};
		E4D6E99F147527F2005BB3AE /* ad4Max-SampleApp */ = {
			isa = PBXGroup;
			children = (
				E4D6E9CD147567B9005BB3AE /* Classes */,
				E4D6E9A0147527F2005BB3AE /* Supporting Files */,
			);
			path = "ad4Max-SampleApp";
			sourceTree = "<group>";
		};
		E4D6E9A0147527F2005BB3AE /* Supporting Files */ = {
			isa = PBXGroup;
			children = (
				112C8B53148D1A35001FBABD /* ad4Max-SampleApp-Prefix.pch */,
				11631B5B148D198A00DC4DB4 /* ad4Max-SampleApp-Info.plist */,
				11631B5E148D198A00DC4DB4 /* Entitlements.plist */,
				11631B5F148D198A00DC4DB4 /* main.m */,
			);
			name = "Supporting Files";
			sourceTree = "<group>";
		};
		E4D6E9CD147567B9005BB3AE /* Classes */ = {
			isa = PBXGroup;
			children = (
				11631B5A148D198A00DC4DB4 /* AppDelegate */,
				11631B60148D198A00DC4DB4 /* Controllers */,
				11631B63148D198A00DC4DB4 /* Externals */,
				11631B6A148D198A00DC4DB4 /* Views */,
			);
			name = Classes;
			sourceTree = "<group>";
		};
/* End PBXGroup section */

/* Begin PBXNativeTarget section */
		E44FECD31488EDA900C268E7 /* ad4Max-Tests */ = {
			isa = PBXNativeTarget;
			buildConfigurationList = E44FECF61488EDA900C268E7 /* Build configuration list for PBXNativeTarget "ad4Max-Tests" */;
			buildPhases = (
				E44FECD01488EDA900C268E7 /* Sources */,
				E44FECD11488EDA900C268E7 /* Frameworks */,
				E44FECD21488EDA900C268E7 /* Resources */,
				E4E798661488F51000A39E65 /* ShellScript */,
			);
			buildRules = (
			);
			dependencies = (
			);
			name = "ad4Max-Tests";
			productName = "ad4Max-Tests";
			productReference = E44FECD41488EDA900C268E7 /* ad4Max-Tests.app */;
			productType = "com.apple.product-type.application";
		};
		E4D6E994147527F2005BB3AE /* ad4Max-SampleApp */ = {
			isa = PBXNativeTarget;
			buildConfigurationList = E4D6E9B6147527F2005BB3AE /* Build configuration list for PBXNativeTarget "ad4Max-SampleApp" */;
			buildPhases = (
				E4D6E991147527F2005BB3AE /* Sources */,
				E4D6E992147527F2005BB3AE /* Frameworks */,
				E4D6E993147527F2005BB3AE /* Resources */,
			);
			buildRules = (
			);
			dependencies = (
			);
			name = "ad4Max-SampleApp";
			productName = "ad4MaxMobile-SampleApp";
			productReference = E4D6E995147527F2005BB3AE /* ad4Max-SampleApp.app */;
			productType = "com.apple.product-type.application";
		};
/* End PBXNativeTarget section */

/* Begin PBXProject section */
		E4D6E98C147527F2005BB3AE /* Project object */ = {
			isa = PBXProject;
			buildConfigurationList = E4D6E98F147527F2005BB3AE /* Build configuration list for PBXProject "ad4Max-SampleApp" */;
			compatibilityVersion = "Xcode 3.2";
			developmentRegion = English;
			hasScannedForEncodings = 0;
			knownRegions = (
				en,
			);
			mainGroup = E4D6E98A147527F2005BB3AE;
			productRefGroup = E4D6E996147527F2005BB3AE /* Products */;
			projectDirPath = "";
			projectRoot = "";
			targets = (
				E4D6E994147527F2005BB3AE /* ad4Max-SampleApp */,
				E44FECD31488EDA900C268E7 /* ad4Max-Tests */,
			);
		};
/* End PBXProject section */

/* Begin PBXResourcesBuildPhase section */
		E44FECD21488EDA900C268E7 /* Resources */ = {
			isa = PBXResourcesBuildPhase;
			buildActionMask = 2147483647;
			files = (
				E44FECDE1488EDA900C268E7 /* InfoPlist.strings in Resources */,
			);
			runOnlyForDeploymentPostprocessing = 0;
		};
		E4D6E993147527F2005BB3AE /* Resources */ = {
			isa = PBXResourcesBuildPhase;
			buildActionMask = 2147483647;
			files = (
				11631B71148D198A00DC4DB4 /* ad4Max-SampleApp-Info.plist in Resources */,
				11631B73148D198A00DC4DB4 /* Entitlements.plist in Resources */,
				11631B79148D198A00DC4DB4 /* ad4Max_SampleAppViewController.xib in Resources */,
				11631B7A148D198A00DC4DB4 /* InfoPlist.strings in Resources */,
				11631B7B148D198A00DC4DB4 /* MainWindow.xib in Resources */,
			);
			runOnlyForDeploymentPostprocessing = 0;
		};
/* End PBXResourcesBuildPhase section */

/* Begin PBXShellScriptBuildPhase section */
		E4E798661488F51000A39E65 /* ShellScript */ = {
			isa = PBXShellScriptBuildPhase;
			buildActionMask = 2147483647;
			files = (
			);
			inputPaths = (
			);
			outputPaths = (
			);
			runOnlyForDeploymentPostprocessing = 0;
			shellPath = /bin/sh;
			shellScript = "/bin/sh ad4Max-Tests/RunTests.sh";
			showEnvVarsInLog = 0;
		};
/* End PBXShellScriptBuildPhase section */

/* Begin PBXSourcesBuildPhase section */
		E44FECD01488EDA900C268E7 /* Sources */ = {
			isa = PBXSourcesBuildPhase;
			buildActionMask = 2147483647;
			files = (
				E44FECE11488EDA900C268E7 /* main.m in Sources */,
				E4E798641488EFC300A39E65 /* Ad4MaxParamsServiceTests.m in Sources */,
				112C8B58148D1AB2001FBABD /* Ad4MaxParamsService.m in Sources */,
				112C8B59148D1AB6001FBABD /* Ad4MaxBannerView.m in Sources */,
				112C8B5A148D1AC2001FBABD /* NSString+MD5Addition.m in Sources */,
				112C8B5B148D1AC5001FBABD /* Reachability.m in Sources */,
				112C8B5C148D1AC8001FBABD /* UIDevice+IdentifierAddition.m in Sources */,
			);
			runOnlyForDeploymentPostprocessing = 0;
		};
		E4D6E991147527F2005BB3AE /* Sources */ = {
			isa = PBXSourcesBuildPhase;
			buildActionMask = 2147483647;
			files = (
				11631B72148D198A00DC4DB4 /* ad4Max_SampleAppAppDelegate.m in Sources */,
				11631B74148D198A00DC4DB4 /* main.m in Sources */,
				11631B75148D198A00DC4DB4 /* ad4Max_SampleAppViewController.m in Sources */,
				11631B76148D198A00DC4DB4 /* NSString+MD5Addition.m in Sources */,
				11631B77148D198A00DC4DB4 /* Reachability.m in Sources */,
				11631B78148D198A00DC4DB4 /* UIDevice+IdentifierAddition.m in Sources */,
				112C8B50148D19AF001FBABD /* Ad4MaxBannerView.m in Sources */,
				112C8B51148D19AF001FBABD /* Ad4MaxParamsService.m in Sources */,
			);
			runOnlyForDeploymentPostprocessing = 0;
		};
/* End PBXSourcesBuildPhase section */

/* Begin PBXVariantGroup section */
		11631B6B148D198A00DC4DB4 /* ad4Max_SampleAppViewController.xib */ = {
			isa = PBXVariantGroup;
			children = (
				11631B6C148D198A00DC4DB4 /* en */,
			);
			name = ad4Max_SampleAppViewController.xib;
			sourceTree = "<group>";
		};
		11631B6D148D198A00DC4DB4 /* InfoPlist.strings */ = {
			isa = PBXVariantGroup;
			children = (
				11631B6E148D198A00DC4DB4 /* en */,
			);
			name = InfoPlist.strings;
			sourceTree = "<group>";
		};
		11631B6F148D198A00DC4DB4 /* MainWindow.xib */ = {
			isa = PBXVariantGroup;
			children = (
				11631B70148D198A00DC4DB4 /* en */,
			);
			name = MainWindow.xib;
			sourceTree = "<group>";
		};
		E44FECDC1488EDA900C268E7 /* InfoPlist.strings */ = {
			isa = PBXVariantGroup;
			children = (
				E44FECDD1488EDA900C268E7 /* en */,
			);
			name = InfoPlist.strings;
			sourceTree = "<group>";
		};
/* End PBXVariantGroup section */

/* Begin XCBuildConfiguration section */
		E44FECF31488EDA900C268E7 /* Debug */ = {
			isa = XCBuildConfiguration;
			buildSettings = {
				ALWAYS_SEARCH_USER_PATHS = NO;
				"CODE_SIGN_IDENTITY[sdk=iphoneos*]" = "iPhone Developer";
				COPY_PHASE_STRIP = NO;
				FRAMEWORK_SEARCH_PATHS = (
					"$(inherited)",
					"\"$(SRCROOT)/ad4Max-SampleApp\"",
					"\"$(SRCROOT)/ad4Max-Tests\"",
				);
				GCC_DYNAMIC_NO_PIC = NO;
				GCC_PRECOMPILE_PREFIX_HEADER = YES;
				GCC_PREFIX_HEADER = "ad4Max-Tests/ad4Max-Tests-Prefix.pch";
				INFOPLIST_FILE = "ad4Max-Tests/ad4Max-Tests-Info.plist";
				OTHER_LDFLAGS = (
					"-ObjC",
					"-all_load",
				);
				PRODUCT_NAME = "$(TARGET_NAME)";
				TARGETED_DEVICE_FAMILY = "1,2";
				WRAPPER_EXTENSION = app;
			};
			name = Debug;
		};
		E44FECF41488EDA900C268E7 /* Release */ = {
			isa = XCBuildConfiguration;
			buildSettings = {
				ALWAYS_SEARCH_USER_PATHS = NO;
				"CODE_SIGN_IDENTITY[sdk=iphoneos*]" = "iPhone Developer";
				COPY_PHASE_STRIP = YES;
				FRAMEWORK_SEARCH_PATHS = (
					"$(inherited)",
					"\"$(SRCROOT)/ad4Max-SampleApp\"",
					"\"$(SRCROOT)/ad4Max-Tests\"",
				);
				GCC_PRECOMPILE_PREFIX_HEADER = YES;
				GCC_PREFIX_HEADER = "ad4Max-Tests/ad4Max-Tests-Prefix.pch";
				INFOPLIST_FILE = "ad4Max-Tests/ad4Max-Tests-Info.plist";
				OTHER_LDFLAGS = (
					"-ObjC",
					"-all_load",
				);
				PRODUCT_NAME = "$(TARGET_NAME)";
				TARGETED_DEVICE_FAMILY = "1,2";
				VALIDATE_PRODUCT = YES;
				WRAPPER_EXTENSION = app;
			};
			name = Release;
		};
		E44FECF51488EDA900C268E7 /* AdHoc */ = {
			isa = XCBuildConfiguration;
			buildSettings = {
				ALWAYS_SEARCH_USER_PATHS = NO;
				"CODE_SIGN_IDENTITY[sdk=iphoneos*]" = "iPhone Developer";
				COPY_PHASE_STRIP = YES;
				FRAMEWORK_SEARCH_PATHS = (
					"$(inherited)",
					"\"$(SRCROOT)/ad4Max-SampleApp\"",
					"\"$(SRCROOT)/ad4Max-Tests\"",
				);
				GCC_PRECOMPILE_PREFIX_HEADER = YES;
				GCC_PREFIX_HEADER = "ad4Max-Tests/ad4Max-Tests-Prefix.pch";
				INFOPLIST_FILE = "ad4Max-Tests/ad4Max-Tests-Info.plist";
				OTHER_LDFLAGS = (
					"-ObjC",
					"-all_load",
				);
				PRODUCT_NAME = "$(TARGET_NAME)";
				TARGETED_DEVICE_FAMILY = "1,2";
				VALIDATE_PRODUCT = YES;
				WRAPPER_EXTENSION = app;
			};
			name = AdHoc;
		};
		E475DF3114766A2B00103DE1 /* AdHoc */ = {
			isa = XCBuildConfiguration;
			buildSettings = {
				ARCHS = "$(ARCHS_STANDARD_32_BIT)";
				CODE_SIGN_ENTITLEMENTS = Entitlements.plist;
				"CODE_SIGN_IDENTITY[sdk=iphoneos*]" = "iPhone Developer";
				GCC_C_LANGUAGE_STANDARD = gnu99;
				GCC_VERSION = com.apple.compilers.llvmgcc42;
				GCC_WARN_ABOUT_RETURN_TYPE = YES;
				GCC_WARN_UNUSED_VARIABLE = YES;
				IPHONEOS_DEPLOYMENT_TARGET = 4.3;
				OTHER_CFLAGS = "-DNS_BLOCK_ASSERTIONS=1";
				SDKROOT = iphoneos;
			};
			name = AdHoc;
		};
		E475DF3214766A2B00103DE1 /* AdHoc */ = {
			isa = XCBuildConfiguration;
			buildSettings = {
				ALWAYS_SEARCH_USER_PATHS = NO;
				CODE_SIGN_ENTITLEMENTS = "ad4Max-SampleApp/AppDelegate/Entitlements.plist";
				CODE_SIGN_IDENTITY = "";
				"CODE_SIGN_IDENTITY[sdk=iphoneos*]" = "iPhone Distribution";
				COPY_PHASE_STRIP = YES;
				GCC_PRECOMPILE_PREFIX_HEADER = YES;
				GCC_PREFIX_HEADER = "ad4Max-SampleApp/AppDelegate/ad4Max-SampleApp-Prefix.pch";
				INFOPLIST_FILE = "ad4Max-SampleApp/AppDelegate/ad4Max-SampleApp-Info.plist";
				IPHONEOS_DEPLOYMENT_TARGET = 4.0;
				PRODUCT_NAME = "ad4Max-SampleApp";
				"PROVISIONING_PROFILE[sdk=iphoneos*]" = "";
				VALIDATE_PRODUCT = YES;
				WRAPPER_EXTENSION = app;
			};
			name = AdHoc;
		};
		E4D6E9B4147527F2005BB3AE /* Debug */ = {
			isa = XCBuildConfiguration;
			buildSettings = {
				ARCHS = "$(ARCHS_STANDARD_32_BIT)";
				"CODE_SIGN_IDENTITY[sdk=iphoneos*]" = "iPhone Developer";
				GCC_C_LANGUAGE_STANDARD = gnu99;
				GCC_OPTIMIZATION_LEVEL = 0;
				GCC_PREPROCESSOR_DEFINITIONS = DEBUG;
				GCC_SYMBOLS_PRIVATE_EXTERN = NO;
				GCC_VERSION = com.apple.compilers.llvmgcc42;
				GCC_WARN_ABOUT_RETURN_TYPE = YES;
				GCC_WARN_UNUSED_VARIABLE = YES;
				IPHONEOS_DEPLOYMENT_TARGET = 4.3;
				SDKROOT = iphoneos;
			};
			name = Debug;
		};
		E4D6E9B5147527F2005BB3AE /* Release */ = {
			isa = XCBuildConfiguration;
			buildSettings = {
				ARCHS = "$(ARCHS_STANDARD_32_BIT)";
				"CODE_SIGN_IDENTITY[sdk=iphoneos*]" = "iPhone Developer";
				GCC_C_LANGUAGE_STANDARD = gnu99;
				GCC_VERSION = com.apple.compilers.llvmgcc42;
				GCC_WARN_ABOUT_RETURN_TYPE = YES;
				GCC_WARN_UNUSED_VARIABLE = YES;
				IPHONEOS_DEPLOYMENT_TARGET = 4.3;
				OTHER_CFLAGS = "-DNS_BLOCK_ASSERTIONS=1";
				SDKROOT = iphoneos;
			};
			name = Release;
		};
		E4D6E9B7147527F2005BB3AE /* Debug */ = {
			isa = XCBuildConfiguration;
			buildSettings = {
				ALWAYS_SEARCH_USER_PATHS = NO;
				COPY_PHASE_STRIP = NO;
				GCC_DYNAMIC_NO_PIC = NO;
				GCC_PRECOMPILE_PREFIX_HEADER = YES;
				GCC_PREFIX_HEADER = "ad4Max-SampleApp/AppDelegate/ad4Max-SampleApp-Prefix.pch";
				INFOPLIST_FILE = "ad4Max-SampleApp/AppDelegate/ad4Max-SampleApp-Info.plist";
				IPHONEOS_DEPLOYMENT_TARGET = 4.0;
				PRODUCT_NAME = "ad4Max-SampleApp";
				WRAPPER_EXTENSION = app;
			};
			name = Debug;
		};
		E4D6E9B8147527F2005BB3AE /* Release */ = {
			isa = XCBuildConfiguration;
			buildSettings = {
				ALWAYS_SEARCH_USER_PATHS = NO;
				CODE_SIGN_IDENTITY = "";
				"CODE_SIGN_IDENTITY[sdk=iphoneos*]" = "iPhone Distribution";
				COPY_PHASE_STRIP = YES;
				GCC_PRECOMPILE_PREFIX_HEADER = YES;
				GCC_PREFIX_HEADER = "ad4Max-SampleApp/AppDelegate/ad4Max-SampleApp-Prefix.pch";
				INFOPLIST_FILE = "ad4Max-SampleApp/AppDelegate/ad4Max-SampleApp-Info.plist";
				IPHONEOS_DEPLOYMENT_TARGET = 4.0;
				PRODUCT_NAME = "ad4Max-SampleApp";
				"PROVISIONING_PROFILE[sdk=iphoneos*]" = "";
				VALIDATE_PRODUCT = YES;
				WRAPPER_EXTENSION = app;
			};
			name = Release;
		};
/* End XCBuildConfiguration section */

/* Begin XCConfigurationList section */
		E44FECF61488EDA900C268E7 /* Build configuration list for PBXNativeTarget "ad4Max-Tests" */ = {
			isa = XCConfigurationList;
			buildConfigurations = (
				E44FECF31488EDA900C268E7 /* Debug */,
				E44FECF41488EDA900C268E7 /* Release */,
				E44FECF51488EDA900C268E7 /* AdHoc */,
			);
			defaultConfigurationIsVisible = 0;
			defaultConfigurationName = Release;
		};
		E4D6E98F147527F2005BB3AE /* Build configuration list for PBXProject "ad4Max-SampleApp" */ = {
			isa = XCConfigurationList;
			buildConfigurations = (
				E4D6E9B4147527F2005BB3AE /* Debug */,
				E4D6E9B5147527F2005BB3AE /* Release */,
				E475DF3114766A2B00103DE1 /* AdHoc */,
			);
			defaultConfigurationIsVisible = 0;
			defaultConfigurationName = Release;
		};
		E4D6E9B6147527F2005BB3AE /* Build configuration list for PBXNativeTarget "ad4Max-SampleApp" */ = {
			isa = XCConfigurationList;
			buildConfigurations = (
				E4D6E9B7147527F2005BB3AE /* Debug */,
				E4D6E9B8147527F2005BB3AE /* Release */,
				E475DF3214766A2B00103DE1 /* AdHoc */,
			);
			defaultConfigurationIsVisible = 0;
			defaultConfigurationName = Release;
		};
/* End XCConfigurationList section */
	};
	rootObject = E4D6E98C147527F2005BB3AE /* Project object */;
}
